// !$*UTF8*$!
{
	archiveVersion = 1;
	classes = {
	};
	objectVersion = 77;
	objects = {

/* Begin PBXBuildFile section */
		03DA0760AF89CC2CA3C880A1 /* WorkspaceToolService.swift in Sources */ = {isa = PBXBuildFile; fileRef = 68F41E474C2D11A828D1ACDC /* WorkspaceToolService.swift */; };
		03E68C6DC4CCB62121FF9B37 /* WorkspaceFiles.swift in Sources */ = {isa = PBXBuildFile; fileRef = 4725F4278FC89888BFDEA342 /* WorkspaceFiles.swift */; };
		04A51690EC4F643732FC59DF /* SuggestionList.swift in Sources */ = {isa = PBXBuildFile; fileRef = 3D011267750AF0D8F216728F /* SuggestionList.swift */; };
		08C85A72CD4CD289520871AA /* VoiceSessionController.swift in Sources */ = {isa = PBXBuildFile; fileRef = 79135955B65DD3B23CA3AE42 /* VoiceSessionController.swift */; };
		090761F0F0C36FB72FC459B5 /* ChatSessionStore.swift in Sources */ = {isa = PBXBuildFile; fileRef = 280706ED21156E8578B802AB /* ChatSessionStore.swift */; };
		09328CCA6B376BDC0D679664 /* ToolPolicy.swift in Sources */ = {isa = PBXBuildFile; fileRef = B372A87EC4CFC33D1C01AAB7 /* ToolPolicy.swift */; };
		0D54865CFDF0E1955FB79591 /* InteractionTests.swift in Sources */ = {isa = PBXBuildFile; fileRef = 0451E0AD385678AAC7D090B6 /* InteractionTests.swift */; };
		0F6B6FA17676652B04DC0D88 /* MemoriesSheet.swift in Sources */ = {isa = PBXBuildFile; fileRef = CFB855044636638B46CD590F /* MemoriesSheet.swift */; };
		15BF4B76A7EBF79A3F180BE4 /* MockSpeechClient.swift in Sources */ = {isa = PBXBuildFile; fileRef = DED404406AF40046E5F95C70 /* MockSpeechClient.swift */; };
		17E628701DFBC5CC12661C65 /* LocalRepositories.swift in Sources */ = {isa = PBXBuildFile; fileRef = 9CCF04628CD4CE31A6847E2C /* LocalRepositories.swift */; };
		1E1EA5F90F87A7EA1E30FC6B /* FileBadge.swift in Sources */ = {isa = PBXBuildFile; fileRef = ADF94B2C6E8E86A42718BF9E /* FileBadge.swift */; };
		1EF74AF41B10146DF76A3804 /* GlassSurface.swift in Sources */ = {isa = PBXBuildFile; fileRef = D9AC20F4BB22DE7715B21660 /* GlassSurface.swift */; };
		2028766150D183B049781123 /* CitationChip.swift in Sources */ = {isa = PBXBuildFile; fileRef = A7FE0AFAE539D5BC1BFFBF2C /* CitationChip.swift */; };
		2089CBC81E0813BBD288807B /* PressableButtonStyle.swift in Sources */ = {isa = PBXBuildFile; fileRef = 7A068F0E8CB108F7562DF084 /* PressableButtonStyle.swift */; };
		216BE38A51C563D9334F541F /* Composer.swift in Sources */ = {isa = PBXBuildFile; fileRef = AB0F00E58799ECB6ECE0E0F0 /* Composer.swift */; };
		27611969B76353FC922F3D50 /* FlowCitations.swift in Sources */ = {isa = PBXBuildFile; fileRef = A0C06D37B4594D6575250A99 /* FlowCitations.swift */; };
		2811C2E4EA02607E37E7FFD5 /* Citation.swift in Sources */ = {isa = PBXBuildFile; fileRef = 1C63B80581297046973330AA /* Citation.swift */; };
		29BE8AEB47CDDC6F5E0F7A15 /* RootShell.swift in Sources */ = {isa = PBXBuildFile; fileRef = E5797F2EA8CC0F3B31F4FF1A /* RootShell.swift */; };
		2AEF4B35FE68BFC6F71A863A /* WorkspaceTests.swift in Sources */ = {isa = PBXBuildFile; fileRef = CBEF13333E029C0141EFD385 /* WorkspaceTests.swift */; };
		2C103F538A01F2CE1BB86A98 /* MemoryService.swift in Sources */ = {isa = PBXBuildFile; fileRef = 01C04F9C5EC7806CC946B91B /* MemoryService.swift */; };
		35F92D5A1073BE903CEDF7F9 /* Typography.swift in Sources */ = {isa = PBXBuildFile; fileRef = 90F54204A1FD3B6357B3C6B1 /* Typography.swift */; };
		3C0FECA031AE5D5A3594BB23 /* UploadedFilesSheet.swift in Sources */ = {isa = PBXBuildFile; fileRef = F9FC87E2359FD6BDA92471CC /* UploadedFilesSheet.swift */; };
		3F5AC0F09790E80331C6AC2A /* MarkdownText.swift in Sources */ = {isa = PBXBuildFile; fileRef = 61C58559D73DDC5669621749 /* MarkdownText.swift */; };
		3FBA527772F9EED64E652E58 /* MemoryExtractor.swift in Sources */ = {isa = PBXBuildFile; fileRef = EE59823779FFFED6A668F694 /* MemoryExtractor.swift */; };
		43C0AB02F1BF800B0F6D2938 /* README.md in Resources */ = {isa = PBXBuildFile; fileRef = 22FB42CBAC3687D00CE7EFDE /* README.md */; };
		4C0A35ABB1F2EFF864C8F5C2 /* WorkspaceSheets.swift in Sources */ = {isa = PBXBuildFile; fileRef = 4EE72CE8D5819ECCD32CB646 /* WorkspaceSheets.swift */; };
		4FA240ADAC0F0008975555F4 /* ReplyValidation.swift in Sources */ = {isa = PBXBuildFile; fileRef = 99CFA78497E34866B889F731 /* ReplyValidation.swift */; };
		500B0806F059143B9B6FA121 /* SheetScaffold.swift in Sources */ = {isa = PBXBuildFile; fileRef = F5747FF40BB0C7AF7A669934 /* SheetScaffold.swift */; };
		5138FD2266D7F88414AABCEC /* SpeechReader.swift in Sources */ = {isa = PBXBuildFile; fileRef = EA15F45DFC48A2A2313A0D55 /* SpeechReader.swift */; };
		5441D14E1A4067F88C118E20 /* MemoryProposalSheet.swift in Sources */ = {isa = PBXBuildFile; fileRef = 8C529122FE80098B6A75E7DD /* MemoryProposalSheet.swift */; };
		57F3539D7BB5050BAC8272F9 /* Conversation.swift in Sources */ = {isa = PBXBuildFile; fileRef = 61902F3EAB92058780C8A56A /* Conversation.swift */; };
		5AB4FF1CC80CDD51AC979516 /* SampleFiles.swift in Sources */ = {isa = PBXBuildFile; fileRef = DE4DC671DCE9F3AA6BBE1C71 /* SampleFiles.swift */; };
		5C116BBAA149E4C40F0A9CD0 /* LocalModel.swift in Sources */ = {isa = PBXBuildFile; fileRef = 90F465D9ADF49C51B893E72D /* LocalModel.swift */; };
		640D6FDE0DC8E3C4366B4941 /* WhisperKit in Frameworks */ = {isa = PBXBuildFile; productRef = 9AD77C5A070151B6AA0E44F2 /* WhisperKit */; };
		66D06EE76E0FC745D5F11572 /* MemoryDetailSheet.swift in Sources */ = {isa = PBXBuildFile; fileRef = B7A00362FD5E6BB52259504A /* MemoryDetailSheet.swift */; };
		673CA3FBAE94EE7475218734 /* AssistantClient.swift in Sources */ = {isa = PBXBuildFile; fileRef = 00AAD4BC98DFE86762E844EE /* AssistantClient.swift */; };
		68E2181A18C1E7B3F90972A6 /* WhisperRuntime.swift in Sources */ = {isa = PBXBuildFile; fileRef = C97EAE1502B9B39A90A7EE93 /* WhisperRuntime.swift */; };
		69D9E8EF61CBD008CBBE5B8A /* Attachment.swift in Sources */ = {isa = PBXBuildFile; fileRef = 229A6DFE6C5FAE6E5969CE5D /* Attachment.swift */; };
		6AC08A545592C3C0A0A25820 /* PhotoOriginal.swift in Sources */ = {isa = PBXBuildFile; fileRef = BB9DFFAF750A8AC751937083 /* PhotoOriginal.swift */; };
		6E068ED605E029F4EF913179 /* PumaWorkspaceApp.swift in Sources */ = {isa = PBXBuildFile; fileRef = A87CECD9897A7BB95ED36CC9 /* PumaWorkspaceApp.swift */; };
		78C1CE7AA5D38A5879CB2B67 /* FoundationTools.swift in Sources */ = {isa = PBXBuildFile; fileRef = 945A75C5B53EBF6FC4DF5857 /* FoundationTools.swift */; };
		7BE30217480CF07D067BF939 /* InMemoryRepositories.swift in Sources */ = {isa = PBXBuildFile; fileRef = 3453B5C97F2C184348697AFB /* InMemoryRepositories.swift */; };
		7EEAAD7EB6B58680BC032CAD /* SourceComparison.swift in Sources */ = {isa = PBXBuildFile; fileRef = FB54A3366E224522A7B207FE /* SourceComparison.swift */; };
		82D8CF10EEAAB7C54EFA0CD3 /* SystemModelCatalog.swift in Sources */ = {isa = PBXBuildFile; fileRef = E99D1C0F8A2EC659F2E65BCF /* SystemModelCatalog.swift */; };
		841EE96876CC709C79B5B0D3 /* SourceAnswer.swift in Sources */ = {isa = PBXBuildFile; fileRef = ACC867641EE4B133F3D6D8B3 /* SourceAnswer.swift */; };
		84894EFEDB7E4DF27734E3C7 /* quiet-gardens.aiff in Resources */ = {isa = PBXBuildFile; fileRef = 9B2898299F99A2B1AFA6ACA7 /* quiet-gardens.aiff */; };
		8763F9877BA8A8ED0C57B890 /* OutputsSheet.swift in Sources */ = {isa = PBXBuildFile; fileRef = 9EDC02E90FC544380E967CA2 /* OutputsSheet.swift */; };
		87CFA902579700F70ED3AB02 /* MemoryPolicy.swift in Sources */ = {isa = PBXBuildFile; fileRef = AAF0FEB797608FF9E526515B /* MemoryPolicy.swift */; };
		897562C80DD13625FD68CF0B /* ImportStaging.swift in Sources */ = {isa = PBXBuildFile; fileRef = 2BD9541AC5596E3BBAEBB297 /* ImportStaging.swift */; };
		8A329AFCF1D7A1843D48D100 /* FloatingTranscript.swift in Sources */ = {isa = PBXBuildFile; fileRef = 4B1C51478622EA0C9194F467 /* FloatingTranscript.swift */; };
		8D7D3DCE4E46A3D672042B04 /* VoiceAura.swift in Sources */ = {isa = PBXBuildFile; fileRef = A3A994720C61CBA133126724 /* VoiceAura.swift */; };
		93EE9C24624FCD5A8E41ED3E /* SpeechClient.swift in Sources */ = {isa = PBXBuildFile; fileRef = 2FA8780A4B94C4DB5984459A /* SpeechClient.swift */; };
		93FCCE8F20D745BB07776295 /* MockAssistantClient.swift in Sources */ = {isa = PBXBuildFile; fileRef = ECD56D6640871B427D95F15D /* MockAssistantClient.swift */; };
		944801313723D40DF0904DE8 /* DocumentImporter.swift in Sources */ = {isa = PBXBuildFile; fileRef = D2DF567E1BD1891342770270 /* DocumentImporter.swift */; };
		954D5E71D78A3736A3CAF6EB /* SourceCards.swift in Sources */ = {isa = PBXBuildFile; fileRef = B1BCE58A6EE9BBC031639D66 /* SourceCards.swift */; };
		964F0D003CF3D205B2E2FAD4 /* RequestScope.swift in Sources */ = {isa = PBXBuildFile; fileRef = DF994CBC75DB92D8FBBC2C21 /* RequestScope.swift */; };
		967AB76E7A302F499482B97D /* NavigationState.swift in Sources */ = {isa = PBXBuildFile; fileRef = 5ABBFDF1766FC1C075AD41E5 /* NavigationState.swift */; };
		9DBEA2DA200F7C079ACCA009 /* ChatPreview.swift in Sources */ = {isa = PBXBuildFile; fileRef = 109CB42AD39A254FE9FCCEC2 /* ChatPreview.swift */; };
		A45C7BE3B6B1714D997C5E3D /* ThirdPartyNotices.txt in Resources */ = {isa = PBXBuildFile; fileRef = 21676702805EC02F4041AEA1 /* ThirdPartyNotices.txt */; };
		A60FCBF4B7736F6B2E4D7108 /* ReplyFooter.swift in Sources */ = {isa = PBXBuildFile; fileRef = 224DFF6A970B65BE4839BE76 /* ReplyFooter.swift */; };
		A70EC450D3B4AE79E2F87E54 /* ComparisonCard.swift in Sources */ = {isa = PBXBuildFile; fileRef = 98F6ED3D049F4FAD96FFBB32 /* ComparisonCard.swift */; };
		ACD1EA76F0DE88B7862D5597 /* NucleoIcons.swift in Sources */ = {isa = PBXBuildFile; fileRef = 861B130E2D38376A280C52EE /* NucleoIcons.swift */; };
		ADEC11776359BA6E7E844ECE /* SourcePickers.swift in Sources */ = {isa = PBXBuildFile; fileRef = 29CD3B7F6E3197940548E072 /* SourcePickers.swift */; };
		B8EE9BA7A5015534E5FC8E09 /* Repositories.swift in Sources */ = {isa = PBXBuildFile; fileRef = 47C44A1552E169DF5E5A1C5C /* Repositories.swift */; };
		BBDC6BAEBBA28C55FF8F535D /* AttachmentKind+Display.swift in Sources */ = {isa = PBXBuildFile; fileRef = DC53761F5E5DDEDE28D817C2 /* AttachmentKind+Display.swift */; };
		BF0A87BFD0A67448287BFABB /* ChatScreen.swift in Sources */ = {isa = PBXBuildFile; fileRef = F7A900DA2A3FD15471135AF3 /* ChatScreen.swift */; };
		C102DC3B2825A6CAD16728BE /* Fixtures.swift in Sources */ = {isa = PBXBuildFile; fileRef = 4B312DEAA39571BB5F7BDD11 /* Fixtures.swift */; };
		C32ABB951BDF35BBA90B14BD /* ContextBuilder.swift in Sources */ = {isa = PBXBuildFile; fileRef = 2F152032425394E327A16141 /* ContextBuilder.swift */; };
		C954C62DC9E560B668ACEA00 /* LocalSpeechClient.swift in Sources */ = {isa = PBXBuildFile; fileRef = 806BA4DF53E0296B5B73CF37 /* LocalSpeechClient.swift */; };
		CB1DABA978FE3F06C4C7BDE6 /* Tokens.swift in Sources */ = {isa = PBXBuildFile; fileRef = 420B0EF8C2221EFADECE04E8 /* Tokens.swift */; };
		CBD0BC9B1D5D97FCB5BD4CFC /* LocalDocumentImporter.swift in Sources */ = {isa = PBXBuildFile; fileRef = AA0E4E7A04E27E5034BAC99F /* LocalDocumentImporter.swift */; };
		CD5AD61FF84DC63D0CB0F2DE /* AnalyzerCapture.swift in Sources */ = {isa = PBXBuildFile; fileRef = 7D2C396887CA60E87294237E /* AnalyzerCapture.swift */; };
		D23B9BEB29A528183DF50E3E /* WorkspaceDatabase.swift in Sources */ = {isa = PBXBuildFile; fileRef = AC7B7F93C7C9F2C5F270DA69 /* WorkspaceDatabase.swift */; };
		D5FDE6CF1010CA6BEF4B94B1 /* Assets.xcassets in Resources */ = {isa = PBXBuildFile; fileRef = BF4B36780B885670392C935A /* Assets.xcassets */; };
		D64B7C2027832504672105F9 /* WhisperCapture.swift in Sources */ = {isa = PBXBuildFile; fileRef = E49676565F84B93E0B2EB094 /* WhisperCapture.swift */; };
		D6702B82F769DDACE0F7EABC /* DictationBars.swift in Sources */ = {isa = PBXBuildFile; fileRef = 27551E6967A37520319308CE /* DictationBars.swift */; };
		D712DE1D798B475464A007EA /* GRDB in Frameworks */ = {isa = PBXBuildFile; productRef = 1F2C24DE40A190DF481AE30C /* GRDB */; };
		DDAEC64EAF796295101FE725 /* AppContainer.swift in Sources */ = {isa = PBXBuildFile; fileRef = 8B346F94EE0C00FAE682186D /* AppContainer.swift */; };
		DE68BFDF568D8B538AE2BE16 /* CSVTable.swift in Sources */ = {isa = PBXBuildFile; fileRef = ED1F945D876E07632DE965B2 /* CSVTable.swift */; };
		E1B7D94BECBC809D07F1508F /* MemoryItem.swift in Sources */ = {isa = PBXBuildFile; fileRef = 914713331A19F112C645FCC1 /* MemoryItem.swift */; };
		E35165BEDC1DA11998F56CCD /* ChatFeed.swift in Sources */ = {isa = PBXBuildFile; fileRef = 7EFF24A82FD48C86BC8AE75F /* ChatFeed.swift */; };
		E3B6D3E6E909F2C8DA4F805E /* Comparison.swift in Sources */ = {isa = PBXBuildFile; fileRef = 8AA0F34F8CA94D334796BE06 /* Comparison.swift */; };
		E3BBEAC22DE31EFED4CEB0F6 /* ProgressiveBlur.swift in Sources */ = {isa = PBXBuildFile; fileRef = F36FFD132A78BCE4D8B117A7 /* ProgressiveBlur.swift */; };
		E59386F34AC01130151B4C8A /* ChatDrawer.swift in Sources */ = {isa = PBXBuildFile; fileRef = B342712C2FE6CF6B5B4FD1BA /* ChatDrawer.swift */; };
		E9FA6014F6AAB3E3B99F3D49 /* SourcePassage.swift in Sources */ = {isa = PBXBuildFile; fileRef = AFBB7120F8D487AFAD08EE06 /* SourcePassage.swift */; };
		EB52263E3D6516AC7E5D100C /* TopBar.swift in Sources */ = {isa = PBXBuildFile; fileRef = 43EF530DE08AC3EBECCF3242 /* TopBar.swift */; };
		EC5B2BFD4F844E44EA351C77 /* WorkDisclosure.swift in Sources */ = {isa = PBXBuildFile; fileRef = F6FD5F9FFB9CB13EB2F486F4 /* WorkDisclosure.swift */; };
		F13916210E9EFA800B18E3D6 /* ArtifactWriter.swift in Sources */ = {isa = PBXBuildFile; fileRef = 22F95B1C946680264CB6F1C5 /* ArtifactWriter.swift */; };
		F2E96567CCB57CFBEF96A721 /* LiveModelTests.swift in Sources */ = {isa = PBXBuildFile; fileRef = AF9846906C0D678A1AD0D106 /* LiveModelTests.swift */; };
		F4227224AF4A9BE0B723C642 /* EvidenceSheet.swift in Sources */ = {isa = PBXBuildFile; fileRef = 12F838CDE4CD7023706019E9 /* EvidenceSheet.swift */; };
		F565B92A6393B118A003BE16 /* SearchScreen.swift in Sources */ = {isa = PBXBuildFile; fileRef = 49C25155E0E64F27CA8FDA34 /* SearchScreen.swift */; };
		FA7DC7E74F3A9B7A551FFBB9 /* DebugLaunchState.swift in Sources */ = {isa = PBXBuildFile; fileRef = 0C58D7FE7A0BE5DC58C8AA02 /* DebugLaunchState.swift */; };
		FE2076DBB18D7639897348F1 /* LocalAssistantClient.swift in Sources */ = {isa = PBXBuildFile; fileRef = 31F59FF31F76E861CD855FDF /* LocalAssistantClient.swift */; };
/* End PBXBuildFile section */

/* Begin PBXContainerItemProxy section */
		6DDA38BEB54AD742A7F6B65C /* PBXContainerItemProxy */ = {
			isa = PBXContainerItemProxy;
			containerPortal = 0497AA71E36A9ED82C3106A8 /* Project object */;
			proxyType = 1;
			remoteGlobalIDString = 95DC5FF0FE0807BFA5F3F42C;
			remoteInfo = PumaWorkspace;
		};
		D38945578BDFD42746000561 /* PBXContainerItemProxy */ = {
			isa = PBXContainerItemProxy;
			containerPortal = 0497AA71E36A9ED82C3106A8 /* Project object */;
			proxyType = 1;
			remoteGlobalIDString = 95DC5FF0FE0807BFA5F3F42C;
			remoteInfo = PumaWorkspace;
		};
/* End PBXContainerItemProxy section */

/* Begin PBXFileReference section */
		00AAD4BC98DFE86762E844EE /* AssistantClient.swift */ = {isa = PBXFileReference; lastKnownFileType = sourcecode.swift; path = AssistantClient.swift; sourceTree = "<group>"; };
		01C04F9C5EC7806CC946B91B /* MemoryService.swift */ = {isa = PBXFileReference; lastKnownFileType = sourcecode.swift; path = MemoryService.swift; sourceTree = "<group>"; };
		037948D1FBFD3141A4274054 /* 0001-ui-first-build.md */ = {isa = PBXFileReference; lastKnownFileType = net.daringfireball.markdown; path = "0001-ui-first-build.md"; sourceTree = "<group>"; };
		0451E0AD385678AAC7D090B6 /* InteractionTests.swift */ = {isa = PBXFileReference; lastKnownFileType = sourcecode.swift; path = InteractionTests.swift; sourceTree = "<group>"; };
		08A6B6FF0970472C51457F59 /* .gitkeep */ = {isa = PBXFileReference; path = .gitkeep; sourceTree = "<group>"; };
		0C58D7FE7A0BE5DC58C8AA02 /* DebugLaunchState.swift */ = {isa = PBXFileReference; lastKnownFileType = sourcecode.swift; path = DebugLaunchState.swift; sourceTree = "<group>"; };
		109CB42AD39A254FE9FCCEC2 /* ChatPreview.swift */ = {isa = PBXFileReference; lastKnownFileType = sourcecode.swift; path = ChatPreview.swift; sourceTree = "<group>"; };
		12F838CDE4CD7023706019E9 /* EvidenceSheet.swift */ = {isa = PBXFileReference; lastKnownFileType = sourcecode.swift; path = EvidenceSheet.swift; sourceTree = "<group>"; };
		1B575CB0328D53CBCC9D72DA /* .gitkeep */ = {isa = PBXFileReference; path = .gitkeep; sourceTree = "<group>"; };
		1C63B80581297046973330AA /* Citation.swift */ = {isa = PBXFileReference; lastKnownFileType = sourcecode.swift; path = Citation.swift; sourceTree = "<group>"; };
		1CA9626716A13A92CD820D5C /* .gitkeep */ = {isa = PBXFileReference; path = .gitkeep; sourceTree = "<group>"; };
		206CE8F20D83210D88E9C348 /* PumaWorkspaceLiveTests.xctest */ = {isa = PBXFileReference; includeInIndex = 0; lastKnownFileType = wrapper.cfbundle; path = PumaWorkspaceLiveTests.xctest; sourceTree = BUILT_PRODUCTS_DIR; };
		21676702805EC02F4041AEA1 /* ThirdPartyNotices.txt */ = {isa = PBXFileReference; lastKnownFileType = text; path = ThirdPartyNotices.txt; sourceTree = "<group>"; };
		21E11674DD91A32265EAD9CE /* .gitkeep */ = {isa = PBXFileReference; path = .gitkeep; sourceTree = "<group>"; };
		224DFF6A970B65BE4839BE76 /* ReplyFooter.swift */ = {isa = PBXFileReference; lastKnownFileType = sourcecode.swift; path = ReplyFooter.swift; sourceTree = "<group>"; };
		229A6DFE6C5FAE6E5969CE5D /* Attachment.swift */ = {isa = PBXFileReference; lastKnownFileType = sourcecode.swift; path = Attachment.swift; sourceTree = "<group>"; };
		22F95B1C946680264CB6F1C5 /* ArtifactWriter.swift */ = {isa = PBXFileReference; lastKnownFileType = sourcecode.swift; path = ArtifactWriter.swift; sourceTree = "<group>"; };
		22FB42CBAC3687D00CE7EFDE /* README.md */ = {isa = PBXFileReference; lastKnownFileType = net.daringfireball.markdown; path = README.md; sourceTree = "<group>"; };
		27551E6967A37520319308CE /* DictationBars.swift */ = {isa = PBXFileReference; lastKnownFileType = sourcecode.swift; path = DictationBars.swift; sourceTree = "<group>"; };
		280706ED21156E8578B802AB /* ChatSessionStore.swift */ = {isa = PBXFileReference; lastKnownFileType = sourcecode.swift; path = ChatSessionStore.swift; sourceTree = "<group>"; };
		29CD3B7F6E3197940548E072 /* SourcePickers.swift */ = {isa = PBXFileReference; lastKnownFileType = sourcecode.swift; path = SourcePickers.swift; sourceTree = "<group>"; };
		2BD9541AC5596E3BBAEBB297 /* ImportStaging.swift */ = {isa = PBXFileReference; lastKnownFileType = sourcecode.swift; path = ImportStaging.swift; sourceTree = "<group>"; };
		2F152032425394E327A16141 /* ContextBuilder.swift */ = {isa = PBXFileReference; lastKnownFileType = sourcecode.swift; path = ContextBuilder.swift; sourceTree = "<group>"; };
		2FA8780A4B94C4DB5984459A /* SpeechClient.swift */ = {isa = PBXFileReference; lastKnownFileType = sourcecode.swift; path = SpeechClient.swift; sourceTree = "<group>"; };
		2FE11859DF47DE68D25D7C10 /* .gitkeep */ = {isa = PBXFileReference; path = .gitkeep; sourceTree = "<group>"; };
		3039A474CC1C527539A7BBC7 /* source-citation.png */ = {isa = PBXFileReference; lastKnownFileType = image.png; path = "source-citation.png"; sourceTree = "<group>"; };
		31F59FF31F76E861CD855FDF /* LocalAssistantClient.swift */ = {isa = PBXFileReference; lastKnownFileType = sourcecode.swift; path = LocalAssistantClient.swift; sourceTree = "<group>"; };
		32B070B8CE8FC1C82E66ABBD /* Riverside.txt */ = {isa = PBXFileReference; lastKnownFileType = text; path = Riverside.txt; sourceTree = "<group>"; };
		3453B5C97F2C184348697AFB /* InMemoryRepositories.swift */ = {isa = PBXFileReference; lastKnownFileType = sourcecode.swift; path = InMemoryRepositories.swift; sourceTree = "<group>"; };
		368CF789D6D0746295564617 /* memory-detail.png */ = {isa = PBXFileReference; lastKnownFileType = image.png; path = "memory-detail.png"; sourceTree = "<group>"; };
		37E9E8C32A2D20042209AA5B /* costs.csv */ = {isa = PBXFileReference; path = costs.csv; sourceTree = "<group>"; };
		3A0CC7C365E6FF5A583E29E8 /* memory-chat.png */ = {isa = PBXFileReference; lastKnownFileType = image.png; path = "memory-chat.png"; sourceTree = "<group>"; };
		3C6560DC135959E2CF7DBE0C /* README.md */ = {isa = PBXFileReference; lastKnownFileType = net.daringfireball.markdown; path = README.md; sourceTree = "<group>"; };
		3D011267750AF0D8F216728F /* SuggestionList.swift */ = {isa = PBXFileReference; lastKnownFileType = sourcecode.swift; path = SuggestionList.swift; sourceTree = "<group>"; };
		3D51A27A6B5BF475E52BC172 /* 0006-system-components.md */ = {isa = PBXFileReference; lastKnownFileType = net.daringfireball.markdown; path = "0006-system-components.md"; sourceTree = "<group>"; };
		420B0EF8C2221EFADECE04E8 /* Tokens.swift */ = {isa = PBXFileReference; lastKnownFileType = sourcecode.swift; path = Tokens.swift; sourceTree = "<group>"; };
		43EF530DE08AC3EBECCF3242 /* TopBar.swift */ = {isa = PBXFileReference; lastKnownFileType = sourcecode.swift; path = TopBar.swift; sourceTree = "<group>"; };
		4725F4278FC89888BFDEA342 /* WorkspaceFiles.swift */ = {isa = PBXFileReference; lastKnownFileType = sourcecode.swift; path = WorkspaceFiles.swift; sourceTree = "<group>"; };
		47C44A1552E169DF5E5A1C5C /* Repositories.swift */ = {isa = PBXFileReference; lastKnownFileType = sourcecode.swift; path = Repositories.swift; sourceTree = "<group>"; };
		49C25155E0E64F27CA8FDA34 /* SearchScreen.swift */ = {isa = PBXFileReference; lastKnownFileType = sourcecode.swift; path = SearchScreen.swift; sourceTree = "<group>"; };
		4A7D0C6EFF41D7AD4886DD16 /* 0005-on-device-system-model.md */ = {isa = PBXFileReference; lastKnownFileType = net.daringfireball.markdown; path = "0005-on-device-system-model.md"; sourceTree = "<group>"; };
		4B1C51478622EA0C9194F467 /* FloatingTranscript.swift */ = {isa = PBXFileReference; lastKnownFileType = sourcecode.swift; path = FloatingTranscript.swift; sourceTree = "<group>"; };
		4B312DEAA39571BB5F7BDD11 /* Fixtures.swift */ = {isa = PBXFileReference; lastKnownFileType = sourcecode.swift; path = Fixtures.swift; sourceTree = "<group>"; };
		4EE72CE8D5819ECCD32CB646 /* WorkspaceSheets.swift */ = {isa = PBXFileReference; lastKnownFileType = sourcecode.swift; path = WorkspaceSheets.swift; sourceTree = "<group>"; };
		50ACA87F80B00D840EA67497 /* prd.md */ = {isa = PBXFileReference; lastKnownFileType = net.daringfireball.markdown; path = prd.md; sourceTree = "<group>"; };
		523E363663A0D236B03A6CC8 /* PumaWorkspaceTests.xctest */ = {isa = PBXFileReference; includeInIndex = 0; lastKnownFileType = wrapper.cfbundle; path = PumaWorkspaceTests.xctest; sourceTree = BUILT_PRODUCTS_DIR; };
		540934395C12FDB5A927354C /* .gitkeep */ = {isa = PBXFileReference; path = .gitkeep; sourceTree = "<group>"; };
		5AA8C421BEADB20F3EAEADA5 /* memory-edited-recall.png */ = {isa = PBXFileReference; lastKnownFileType = image.png; path = "memory-edited-recall.png"; sourceTree = "<group>"; };
		5ABBFDF1766FC1C075AD41E5 /* NavigationState.swift */ = {isa = PBXFileReference; lastKnownFileType = sourcecode.swift; path = NavigationState.swift; sourceTree = "<group>"; };
		5B8059E8EE07BC0A58A78A3A /* Harbor.txt */ = {isa = PBXFileReference; lastKnownFileType = text; path = Harbor.txt; sourceTree = "<group>"; };
		5E019CEA970B6EC0E8E08A89 /* .gitkeep */ = {isa = PBXFileReference; path = .gitkeep; sourceTree = "<group>"; };
		60427238ADD16EA3D9FA63D4 /* 0003-project-scaffold.md */ = {isa = PBXFileReference; lastKnownFileType = net.daringfireball.markdown; path = "0003-project-scaffold.md"; sourceTree = "<group>"; };
		61902F3EAB92058780C8A56A /* Conversation.swift */ = {isa = PBXFileReference; lastKnownFileType = sourcecode.swift; path = Conversation.swift; sourceTree = "<group>"; };
		61C58559D73DDC5669621749 /* MarkdownText.swift */ = {isa = PBXFileReference; lastKnownFileType = sourcecode.swift; path = MarkdownText.swift; sourceTree = "<group>"; };
		6861D3D488924FFE8AF9D1FF /* 0004-visual-system.md */ = {isa = PBXFileReference; lastKnownFileType = net.daringfireball.markdown; path = "0004-visual-system.md"; sourceTree = "<group>"; };
		68F41E474C2D11A828D1ACDC /* WorkspaceToolService.swift */ = {isa = PBXFileReference; lastKnownFileType = sourcecode.swift; path = WorkspaceToolService.swift; sourceTree = "<group>"; };
		6D3198575DD5025D957E162E /* .gitkeep */ = {isa = PBXFileReference; path = .gitkeep; sourceTree = "<group>"; };
		6EA4B6A8863CCD0AE86C0229 /* .gitkeep */ = {isa = PBXFileReference; path = .gitkeep; sourceTree = "<group>"; };
		79135955B65DD3B23CA3AE42 /* VoiceSessionController.swift */ = {isa = PBXFileReference; lastKnownFileType = sourcecode.swift; path = VoiceSessionController.swift; sourceTree = "<group>"; };
		7A068F0E8CB108F7562DF084 /* PressableButtonStyle.swift */ = {isa = PBXFileReference; lastKnownFileType = sourcecode.swift; path = PressableButtonStyle.swift; sourceTree = "<group>"; };
		7C5D50139A5052C112821452 /* AGENTS.md */ = {isa = PBXFileReference; lastKnownFileType = net.daringfireball.markdown; path = AGENTS.md; sourceTree = "<group>"; };
		7D2C396887CA60E87294237E /* AnalyzerCapture.swift */ = {isa = PBXFileReference; lastKnownFileType = sourcecode.swift; path = AnalyzerCapture.swift; sourceTree = "<group>"; };
		7EFF24A82FD48C86BC8AE75F /* ChatFeed.swift */ = {isa = PBXFileReference; lastKnownFileType = sourcecode.swift; path = ChatFeed.swift; sourceTree = "<group>"; };
		806BA4DF53E0296B5B73CF37 /* LocalSpeechClient.swift */ = {isa = PBXFileReference; lastKnownFileType = sourcecode.swift; path = LocalSpeechClient.swift; sourceTree = "<group>"; };
		80B58E613D2DDD4C95A42787 /* README.md */ = {isa = PBXFileReference; lastKnownFileType = net.daringfireball.markdown; path = README.md; sourceTree = "<group>"; };
		8178CFBCC85BF6C117B23847 /* README.md */ = {isa = PBXFileReference; lastKnownFileType = net.daringfireball.markdown; path = README.md; sourceTree = "<group>"; };
		817FEC99843B84F0D460A483 /* 0008-verified-document-answers.md */ = {isa = PBXFileReference; lastKnownFileType = net.daringfireball.markdown; path = "0008-verified-document-answers.md"; sourceTree = "<group>"; };
		861B130E2D38376A280C52EE /* NucleoIcons.swift */ = {isa = PBXFileReference; lastKnownFileType = sourcecode.swift; path = NucleoIcons.swift; sourceTree = "<group>"; };
		870A9D38B06C4DA239977982 /* 0002-assistant-ownership.md */ = {isa = PBXFileReference; lastKnownFileType = net.daringfireball.markdown; path = "0002-assistant-ownership.md"; sourceTree = "<group>"; };
		8AA0F34F8CA94D334796BE06 /* Comparison.swift */ = {isa = PBXFileReference; lastKnownFileType = sourcecode.swift; path = Comparison.swift; sourceTree = "<group>"; };
		8B346F94EE0C00FAE682186D /* AppContainer.swift */ = {isa = PBXFileReference; lastKnownFileType = sourcecode.swift; path = AppContainer.swift; sourceTree = "<group>"; };
		8C529122FE80098B6A75E7DD /* MemoryProposalSheet.swift */ = {isa = PBXFileReference; lastKnownFileType = sourcecode.swift; path = MemoryProposalSheet.swift; sourceTree = "<group>"; };
		8CA72B36DF8A756417E9887E /* generated-report.png */ = {isa = PBXFileReference; lastKnownFileType = image.png; path = "generated-report.png"; sourceTree = "<group>"; };
		90F465D9ADF49C51B893E72D /* LocalModel.swift */ = {isa = PBXFileReference; lastKnownFileType = sourcecode.swift; path = LocalModel.swift; sourceTree = "<group>"; };
		90F54204A1FD3B6357B3C6B1 /* Typography.swift */ = {isa = PBXFileReference; lastKnownFileType = sourcecode.swift; path = Typography.swift; sourceTree = "<group>"; };
		9106AE84B57C3167B4161260 /* design.md */ = {isa = PBXFileReference; lastKnownFileType = net.daringfireball.markdown; path = design.md; sourceTree = "<group>"; };
		914713331A19F112C645FCC1 /* MemoryItem.swift */ = {isa = PBXFileReference; lastKnownFileType = sourcecode.swift; path = MemoryItem.swift; sourceTree = "<group>"; };
		945A75C5B53EBF6FC4DF5857 /* FoundationTools.swift */ = {isa = PBXFileReference; lastKnownFileType = sourcecode.swift; path = FoundationTools.swift; sourceTree = "<group>"; };
		95CCE1639EECB1C19F6AFF24 /* verification.md */ = {isa = PBXFileReference; lastKnownFileType = net.daringfireball.markdown; path = verification.md; sourceTree = "<group>"; };
		98F6ED3D049F4FAD96FFBB32 /* ComparisonCard.swift */ = {isa = PBXFileReference; lastKnownFileType = sourcecode.swift; path = ComparisonCard.swift; sourceTree = "<group>"; };
		99CFA78497E34866B889F731 /* ReplyValidation.swift */ = {isa = PBXFileReference; lastKnownFileType = sourcecode.swift; path = ReplyValidation.swift; sourceTree = "<group>"; };
		9B2898299F99A2B1AFA6ACA7 /* quiet-gardens.aiff */ = {isa = PBXFileReference; lastKnownFileType = audio.aiff; path = "quiet-gardens.aiff"; sourceTree = "<group>"; };
		9CCF04628CD4CE31A6847E2C /* LocalRepositories.swift */ = {isa = PBXFileReference; lastKnownFileType = sourcecode.swift; path = LocalRepositories.swift; sourceTree = "<group>"; };
		9E31B11D162CF995813AA30B /* README.md */ = {isa = PBXFileReference; lastKnownFileType = net.daringfireball.markdown; path = README.md; sourceTree = "<group>"; };
		9EDC02E90FC544380E967CA2 /* OutputsSheet.swift */ = {isa = PBXFileReference; lastKnownFileType = sourcecode.swift; path = OutputsSheet.swift; sourceTree = "<group>"; };
		A0C06D37B4594D6575250A99 /* FlowCitations.swift */ = {isa = PBXFileReference; lastKnownFileType = sourcecode.swift; path = FlowCitations.swift; sourceTree = "<group>"; };
		A2D5753614D1CE8D9E702ADC /* imported-file-preview.png */ = {isa = PBXFileReference; lastKnownFileType = image.png; path = "imported-file-preview.png"; sourceTree = "<group>"; };
		A3A994720C61CBA133126724 /* VoiceAura.swift */ = {isa = PBXFileReference; lastKnownFileType = sourcecode.swift; path = VoiceAura.swift; sourceTree = "<group>"; };
		A7FE0AFAE539D5BC1BFFBF2C /* CitationChip.swift */ = {isa = PBXFileReference; lastKnownFileType = sourcecode.swift; path = CitationChip.swift; sourceTree = "<group>"; };
		A87CECD9897A7BB95ED36CC9 /* PumaWorkspaceApp.swift */ = {isa = PBXFileReference; lastKnownFileType = sourcecode.swift; path = PumaWorkspaceApp.swift; sourceTree = "<group>"; };
		A988CA266F9D4875DCF773FC /* .gitkeep */ = {isa = PBXFileReference; path = .gitkeep; sourceTree = "<group>"; };
		AA0E4E7A04E27E5034BAC99F /* LocalDocumentImporter.swift */ = {isa = PBXFileReference; lastKnownFileType = sourcecode.swift; path = LocalDocumentImporter.swift; sourceTree = "<group>"; };
		AAF0FEB797608FF9E526515B /* MemoryPolicy.swift */ = {isa = PBXFileReference; lastKnownFileType = sourcecode.swift; path = MemoryPolicy.swift; sourceTree = "<group>"; };
		AB0F00E58799ECB6ECE0E0F0 /* Composer.swift */ = {isa = PBXFileReference; lastKnownFileType = sourcecode.swift; path = Composer.swift; sourceTree = "<group>"; };
		AC7B7F93C7C9F2C5F270DA69 /* WorkspaceDatabase.swift */ = {isa = PBXFileReference; lastKnownFileType = sourcecode.swift; path = WorkspaceDatabase.swift; sourceTree = "<group>"; };
		ACC867641EE4B133F3D6D8B3 /* SourceAnswer.swift */ = {isa = PBXFileReference; lastKnownFileType = sourcecode.swift; path = SourceAnswer.swift; sourceTree = "<group>"; };
		ACF9D6FA21A180963FC43E26 /* memory-edit.png */ = {isa = PBXFileReference; lastKnownFileType = image.png; path = "memory-edit.png"; sourceTree = "<group>"; };
		ADF94B2C6E8E86A42718BF9E /* FileBadge.swift */ = {isa = PBXFileReference; lastKnownFileType = sourcecode.swift; path = FileBadge.swift; sourceTree = "<group>"; };
		AF9846906C0D678A1AD0D106 /* LiveModelTests.swift */ = {isa = PBXFileReference; lastKnownFileType = sourcecode.swift; path = LiveModelTests.swift; sourceTree = "<group>"; };
		AFBB7120F8D487AFAD08EE06 /* SourcePassage.swift */ = {isa = PBXFileReference; lastKnownFileType = sourcecode.swift; path = SourcePassage.swift; sourceTree = "<group>"; };
		B1BCE58A6EE9BBC031639D66 /* SourceCards.swift */ = {isa = PBXFileReference; lastKnownFileType = sourcecode.swift; path = SourceCards.swift; sourceTree = "<group>"; };
		B342712C2FE6CF6B5B4FD1BA /* ChatDrawer.swift */ = {isa = PBXFileReference; lastKnownFileType = sourcecode.swift; path = ChatDrawer.swift; sourceTree = "<group>"; };
		B372A87EC4CFC33D1C01AAB7 /* ToolPolicy.swift */ = {isa = PBXFileReference; lastKnownFileType = sourcecode.swift; path = ToolPolicy.swift; sourceTree = "<group>"; };
		B7A00362FD5E6BB52259504A /* MemoryDetailSheet.swift */ = {isa = PBXFileReference; lastKnownFileType = sourcecode.swift; path = MemoryDetailSheet.swift; sourceTree = "<group>"; };
		BB9DFFAF750A8AC751937083 /* PhotoOriginal.swift */ = {isa = PBXFileReference; lastKnownFileType = sourcecode.swift; path = PhotoOriginal.swift; sourceTree = "<group>"; };
		BCD91F4AB31FD53BCC79E813 /* architecture.md */ = {isa = PBXFileReference; lastKnownFileType = net.daringfireball.markdown; path = architecture.md; sourceTree = "<group>"; };
		BF4B36780B885670392C935A /* Assets.xcassets */ = {isa = PBXFileReference; lastKnownFileType = folder.assetcatalog; path = Assets.xcassets; sourceTree = "<group>"; };
		C4AB52AB28CB979DB67C1356 /* source-revision.png */ = {isa = PBXFileReference; lastKnownFileType = image.png; path = "source-revision.png"; sourceTree = "<group>"; };
		C97EAE1502B9B39A90A7EE93 /* WhisperRuntime.swift */ = {isa = PBXFileReference; lastKnownFileType = sourcecode.swift; path = WhisperRuntime.swift; sourceTree = "<group>"; };
		CBEF13333E029C0141EFD385 /* WorkspaceTests.swift */ = {isa = PBXFileReference; lastKnownFileType = sourcecode.swift; path = WorkspaceTests.swift; sourceTree = "<group>"; };
		CFB855044636638B46CD590F /* MemoriesSheet.swift */ = {isa = PBXFileReference; lastKnownFileType = sourcecode.swift; path = MemoriesSheet.swift; sourceTree = "<group>"; };
		D2DF567E1BD1891342770270 /* DocumentImporter.swift */ = {isa = PBXFileReference; lastKnownFileType = sourcecode.swift; path = DocumentImporter.swift; sourceTree = "<group>"; };
		D59324BF4258105DA7B83204 /* PumaWorkspace.app */ = {isa = PBXFileReference; includeInIndex = 0; lastKnownFileType = wrapper.application; path = PumaWorkspace.app; sourceTree = BUILT_PRODUCTS_DIR; };
		D9867F32F41AAEA9DEA1BF4B /* .gitkeep */ = {isa = PBXFileReference; path = .gitkeep; sourceTree = "<group>"; };
		D9AC20F4BB22DE7715B21660 /* GlassSurface.swift */ = {isa = PBXFileReference; lastKnownFileType = sourcecode.swift; path = GlassSurface.swift; sourceTree = "<group>"; };
		DC53761F5E5DDEDE28D817C2 /* AttachmentKind+Display.swift */ = {isa = PBXFileReference; lastKnownFileType = sourcecode.swift; path = "AttachmentKind+Display.swift"; sourceTree = "<group>"; };
		DE4DC671DCE9F3AA6BBE1C71 /* SampleFiles.swift */ = {isa = PBXFileReference; lastKnownFileType = sourcecode.swift; path = SampleFiles.swift; sourceTree = "<group>"; };
		DED404406AF40046E5F95C70 /* MockSpeechClient.swift */ = {isa = PBXFileReference; lastKnownFileType = sourcecode.swift; path = MockSpeechClient.swift; sourceTree = "<group>"; };
		DF994CBC75DB92D8FBBC2C21 /* RequestScope.swift */ = {isa = PBXFileReference; lastKnownFileType = sourcecode.swift; path = RequestScope.swift; sourceTree = "<group>"; };
		E0ABD4DBF142CEEC3C925E78 /* 0007-local-services-and-automatic-memory.md */ = {isa = PBXFileReference; lastKnownFileType = net.daringfireball.markdown; path = "0007-local-services-and-automatic-memory.md"; sourceTree = "<group>"; };
		E29DADC4551DE2F9E005E71D /* .gitkeep */ = {isa = PBXFileReference; path = .gitkeep; sourceTree = "<group>"; };
		E49676565F84B93E0B2EB094 /* WhisperCapture.swift */ = {isa = PBXFileReference; lastKnownFileType = sourcecode.swift; path = WhisperCapture.swift; sourceTree = "<group>"; };
		E5797F2EA8CC0F3B31F4FF1A /* RootShell.swift */ = {isa = PBXFileReference; lastKnownFileType = sourcecode.swift; path = RootShell.swift; sourceTree = "<group>"; };
		E74BEAB45CFD6D2F515C6790 /* 0009-selective-memory-continuous-voice.md */ = {isa = PBXFileReference; lastKnownFileType = net.daringfireball.markdown; path = "0009-selective-memory-continuous-voice.md"; sourceTree = "<group>"; };
		E99D1C0F8A2EC659F2E65BCF /* SystemModelCatalog.swift */ = {isa = PBXFileReference; lastKnownFileType = sourcecode.swift; path = SystemModelCatalog.swift; sourceTree = "<group>"; };
		EA15F45DFC48A2A2313A0D55 /* SpeechReader.swift */ = {isa = PBXFileReference; lastKnownFileType = sourcecode.swift; path = SpeechReader.swift; sourceTree = "<group>"; };
		ECD56D6640871B427D95F15D /* MockAssistantClient.swift */ = {isa = PBXFileReference; lastKnownFileType = sourcecode.swift; path = MockAssistantClient.swift; sourceTree = "<group>"; };
		ED1F945D876E07632DE965B2 /* CSVTable.swift */ = {isa = PBXFileReference; lastKnownFileType = sourcecode.swift; path = CSVTable.swift; sourceTree = "<group>"; };
		EE59823779FFFED6A668F694 /* MemoryExtractor.swift */ = {isa = PBXFileReference; lastKnownFileType = sourcecode.swift; path = MemoryExtractor.swift; sourceTree = "<group>"; };
		F36FFD132A78BCE4D8B117A7 /* ProgressiveBlur.swift */ = {isa = PBXFileReference; lastKnownFileType = sourcecode.swift; path = ProgressiveBlur.swift; sourceTree = "<group>"; };
		F5747FF40BB0C7AF7A669934 /* SheetScaffold.swift */ = {isa = PBXFileReference; lastKnownFileType = sourcecode.swift; path = SheetScaffold.swift; sourceTree = "<group>"; };
		F5FB34440B0804557EA76C38 /* .gitkeep */ = {isa = PBXFileReference; path = .gitkeep; sourceTree = "<group>"; };
		F6FD5F9FFB9CB13EB2F486F4 /* WorkDisclosure.swift */ = {isa = PBXFileReference; lastKnownFileType = sourcecode.swift; path = WorkDisclosure.swift; sourceTree = "<group>"; };
		F7A900DA2A3FD15471135AF3 /* ChatScreen.swift */ = {isa = PBXFileReference; lastKnownFileType = sourcecode.swift; path = ChatScreen.swift; sourceTree = "<group>"; };
		F9FC87E2359FD6BDA92471CC /* UploadedFilesSheet.swift */ = {isa = PBXFileReference; lastKnownFileType = sourcecode.swift; path = UploadedFilesSheet.swift; sourceTree = "<group>"; };
		FB54A3366E224522A7B207FE /* SourceComparison.swift */ = {isa = PBXFileReference; lastKnownFileType = sourcecode.swift; path = SourceComparison.swift; sourceTree = "<group>"; };
		FC9A8CAEED644F4493575806 /* .gitkeep */ = {isa = PBXFileReference; path = .gitkeep; sourceTree = "<group>"; };
		FCC0BA31F72D2AEF7CE58BC1 /* CHANGELOG.md */ = {isa = PBXFileReference; lastKnownFileType = net.daringfireball.markdown; path = CHANGELOG.md; sourceTree = "<group>"; };
		FF70EA1F3391CFC6DD34B876 /* .gitkeep */ = {isa = PBXFileReference; path = .gitkeep; sourceTree = "<group>"; };
/* End PBXFileReference section */

/* Begin PBXFrameworksBuildPhase section */
		176BAA88FE8D39F2F2EBC9B3 /* Frameworks */ = {
			isa = PBXFrameworksBuildPhase;
			buildActionMask = 2147483647;
			files = (
				D712DE1D798B475464A007EA /* GRDB in Frameworks */,
				640D6FDE0DC8E3C4366B4941 /* WhisperKit in Frameworks */,
			);
			runOnlyForDeploymentPostprocessing = 0;
		};
/* End PBXFrameworksBuildPhase section */

/* Begin PBXGroup section */
		059AE2D78B57AA308982F216 /* Live */ = {
			isa = PBXGroup;
			children = (
				AF9846906C0D678A1AD0D106 /* LiveModelTests.swift */,
				883135F73294B865D858C5F5 /* Fixtures */,
			);
			path = Live;
			sourceTree = "<group>";
		};
		0658C81E2A8E8F560CA34D3C /* demo */ = {
			isa = PBXGroup;
			children = (
				37E9E8C32A2D20042209AA5B /* costs.csv */,
				5B8059E8EE07BC0A58A78A3A /* Harbor.txt */,
				9E31B11D162CF995813AA30B /* README.md */,
				32B070B8CE8FC1C82E66ABBD /* Riverside.txt */,
			);
			path = demo;
			sourceTree = "<group>";
		};
		0C09F7D741662411374AFE88 /* Fixtures */ = {
			isa = PBXGroup;
			children = (
				4B312DEAA39571BB5F7BDD11 /* Fixtures.swift */,
				DE4DC671DCE9F3AA6BBE1C71 /* SampleFiles.swift */,
			);
			path = Fixtures;
			sourceTree = "<group>";
		};
		133D7C97EB683DDC2EF24F38 /* Outputs */ = {
			isa = PBXGroup;
			children = (
				9EDC02E90FC544380E967CA2 /* OutputsSheet.swift */,
			);
			path = Outputs;
			sourceTree = "<group>";
		};
		1F64AC969FAC49D02C18203C /* MockServices */ = {
			isa = PBXGroup;
			children = (
				ECD56D6640871B427D95F15D /* MockAssistantClient.swift */,
				DED404406AF40046E5F95C70 /* MockSpeechClient.swift */,
			);
			path = MockServices;
			sourceTree = "<group>";
		};
		2F2ACF4CFB61AB8B965058DC /* Search */ = {
			isa = PBXGroup;
			children = (
				49C25155E0E64F27CA8FDA34 /* SearchScreen.swift */,
			);
			path = Search;
			sourceTree = "<group>";
		};
		314480AC93F82C5975758D4E /* ModelPicker */ = {
			isa = PBXGroup;
			children = (
				6D3198575DD5025D957E162E /* .gitkeep */,
			);
			path = ModelPicker;
			sourceTree = "<group>";
		};
		34517CBA33AEC2A0F6A16B5F /* Sheets */ = {
			isa = PBXGroup;
			children = (
				F5747FF40BB0C7AF7A669934 /* SheetScaffold.swift */,
				4EE72CE8D5819ECCD32CB646 /* WorkspaceSheets.swift */,
			);
			path = Sheets;
			sourceTree = "<group>";
		};
		3497CF2396304490A7AF5237 /* Samples */ = {
			isa = PBXGroup;
			children = (
				6EA4B6A8863CCD0AE86C0229 /* .gitkeep */,
			);
			path = Samples;
			sourceTree = "<group>";
		};
		38C0B7F486A78839C2B68558 /* Domain */ = {
			isa = PBXGroup;
			children = (
				7F94A950DC5B3641554A5B26 /* Contracts */,
				4A9F1946CB9B318CC929D70E /* Models */,
			);
			path = Domain;
			sourceTree = "<group>";
		};
		38DF8BD36B4BA2539EE30267 /* Integration */ = {
			isa = PBXGroup;
			children = (
				F5FB34440B0804557EA76C38 /* .gitkeep */,
			);
			path = Integration;
			sourceTree = "<group>";
		};
		3B46C0DE15EB57FD38E10BE8 /* decisions */ = {
			isa = PBXGroup;
			children = (
				037948D1FBFD3141A4274054 /* 0001-ui-first-build.md */,
				870A9D38B06C4DA239977982 /* 0002-assistant-ownership.md */,
				60427238ADD16EA3D9FA63D4 /* 0003-project-scaffold.md */,
				6861D3D488924FFE8AF9D1FF /* 0004-visual-system.md */,
				4A7D0C6EFF41D7AD4886DD16 /* 0005-on-device-system-model.md */,
				3D51A27A6B5BF475E52BC172 /* 0006-system-components.md */,
				E0ABD4DBF142CEEC3C925E78 /* 0007-local-services-and-automatic-memory.md */,
				817FEC99843B84F0D460A483 /* 0008-verified-document-answers.md */,
				E74BEAB45CFD6D2F515C6790 /* 0009-selective-memory-continuous-voice.md */,
			);
			path = decisions;
			sourceTree = "<group>";
		};
		3F36B724E30A25AD0E57D9AC /* Speech */ = {
			isa = PBXGroup;
			children = (
				D9867F32F41AAEA9DEA1BF4B /* .gitkeep */,
				7D2C396887CA60E87294237E /* AnalyzerCapture.swift */,
				806BA4DF53E0296B5B73CF37 /* LocalSpeechClient.swift */,
				EA15F45DFC48A2A2313A0D55 /* SpeechReader.swift */,
				E49676565F84B93E0B2EB094 /* WhisperCapture.swift */,
				C97EAE1502B9B39A90A7EE93 /* WhisperRuntime.swift */,
			);
			path = Speech;
			sourceTree = "<group>";
		};
		4469FAA331860968143DE54B /* Components */ = {
			isa = PBXGroup;
			children = (
				7EFF24A82FD48C86BC8AE75F /* ChatFeed.swift */,
				AB0F00E58799ECB6ECE0E0F0 /* Composer.swift */,
				61C58559D73DDC5669621749 /* MarkdownText.swift */,
				224DFF6A970B65BE4839BE76 /* ReplyFooter.swift */,
				3D011267750AF0D8F216728F /* SuggestionList.swift */,
				43EF530DE08AC3EBECCF3242 /* TopBar.swift */,
				F6FD5F9FFB9CB13EB2F486F4 /* WorkDisclosure.swift */,
			);
			path = Components;
			sourceTree = "<group>";
		};
		494E9643A02010908532AE87 /* DesignSystem */ = {
			isa = PBXGroup;
			children = (
				9B5360CCB7528B7F9583F50F /* Components */,
				BC66FBF9C4BCE22FDECB17E1 /* Tokens */,
			);
			path = DesignSystem;
			sourceTree = "<group>";
		};
		4972E501B7F74FCFACEFCBE6 /* Localization */ = {
			isa = PBXGroup;
			children = (
				540934395C12FDB5A927354C /* .gitkeep */,
			);
			path = Localization;
			sourceTree = "<group>";
		};
		4A9F1946CB9B318CC929D70E /* Models */ = {
			isa = PBXGroup;
			children = (
				229A6DFE6C5FAE6E5969CE5D /* Attachment.swift */,
				1C63B80581297046973330AA /* Citation.swift */,
				8AA0F34F8CA94D334796BE06 /* Comparison.swift */,
				61902F3EAB92058780C8A56A /* Conversation.swift */,
				90F465D9ADF49C51B893E72D /* LocalModel.swift */,
				914713331A19F112C645FCC1 /* MemoryItem.swift */,
				AFBB7120F8D487AFAD08EE06 /* SourcePassage.swift */,
			);
			path = Models;
			sourceTree = "<group>";
		};
		4C08141BF1BE8FB3B27CBB31 /* Validation */ = {
			isa = PBXGroup;
			children = (
				2FE11859DF47DE68D25D7C10 /* .gitkeep */,
			);
			path = Validation;
			sourceTree = "<group>";
		};
		4E1F0A349CF647A791536B12 /* PreviewSupport */ = {
			isa = PBXGroup;
			children = (
				0C09F7D741662411374AFE88 /* Fixtures */,
				1F64AC969FAC49D02C18203C /* MockServices */,
				742EAD41C3CE461D8B833948 /* Repositories */,
			);
			path = PreviewSupport;
			sourceTree = "<group>";
		};
		4E9B98D6AFFD1F79F1C6C150 /* Documents */ = {
			isa = PBXGroup;
			children = (
				E29DADC4551DE2F9E005E71D /* .gitkeep */,
				22F95B1C946680264CB6F1C5 /* ArtifactWriter.swift */,
				ED1F945D876E07632DE965B2 /* CSVTable.swift */,
				2BD9541AC5596E3BBAEBB297 /* ImportStaging.swift */,
				AA0E4E7A04E27E5034BAC99F /* LocalDocumentImporter.swift */,
				BB9DFFAF750A8AC751937083 /* PhotoOriginal.swift */,
				4725F4278FC89888BFDEA342 /* WorkspaceFiles.swift */,
			);
			path = Documents;
			sourceTree = "<group>";
		};
		58E0DE6CA8D67830DBC3613E /* PumaWorkspace */ = {
			isa = PBXGroup;
			children = (
				836F577DAC385AA7529563C8 /* App */,
				8E7DAB748B75EDB4AAA47396 /* Assistant */,
				494E9643A02010908532AE87 /* DesignSystem */,
				38C0B7F486A78839C2B68558 /* Domain */,
				63D6E685D3155A1721DBAD91 /* Features */,
				5CCF4E10CCF603EA1D9935FA /* Infrastructure */,
				4E1F0A349CF647A791536B12 /* PreviewSupport */,
				ED78B266C6CEBE6069FF8072 /* Resources */,
			);
			path = PumaWorkspace;
			sourceTree = "<group>";
		};
		598F47C3AA5D92021C502021 /* Context */ = {
			isa = PBXGroup;
			children = (
				FC9A8CAEED644F4493575806 /* .gitkeep */,
				2F152032425394E327A16141 /* ContextBuilder.swift */,
				EE59823779FFFED6A668F694 /* MemoryExtractor.swift */,
				AAF0FEB797608FF9E526515B /* MemoryPolicy.swift */,
				01C04F9C5EC7806CC946B91B /* MemoryService.swift */,
				99CFA78497E34866B889F731 /* ReplyValidation.swift */,
				ACC867641EE4B133F3D6D8B3 /* SourceAnswer.swift */,
				FB54A3366E224522A7B207FE /* SourceComparison.swift */,
			);
			path = Context;
			sourceTree = "<group>";
		};
		5CCF4E10CCF603EA1D9935FA /* Infrastructure */ = {
			isa = PBXGroup;
			children = (
				4E9B98D6AFFD1F79F1C6C150 /* Documents */,
				D6D565102CDC071DA29EC3EE /* LocalInference */,
				C39E748410E90410A697A780 /* Persistence */,
				D401D2329D9D3692BE25C5EB /* Retrieval */,
				3F36B724E30A25AD0E57D9AC /* Speech */,
			);
			path = Infrastructure;
			sourceTree = "<group>";
		};
		63D6E685D3155A1721DBAD91 /* Features */ = {
			isa = PBXGroup;
			children = (
				D71D88ECD7913D839FB4299E /* Attachments */,
				D8E3547BADE80FE8902EECE8 /* Chat */,
				DA4DB8DBFE85D59F42B78E73 /* ChatHistory */,
				97AE742991F40A6CF8EB85E5 /* Comparisons */,
				E8D543794DCBA4A1DA67F34F /* Evidence */,
				E3A25724623D17439A0B2A99 /* Memory */,
				314480AC93F82C5975758D4E /* ModelPicker */,
				133D7C97EB683DDC2EF24F38 /* Outputs */,
				2F2ACF4CFB61AB8B965058DC /* Search */,
				34517CBA33AEC2A0F6A16B5F /* Sheets */,
				CC2C029A3EDBFAFD0D751F2B /* Voice */,
			);
			path = Features;
			sourceTree = "<group>";
		};
		742EAD41C3CE461D8B833948 /* Repositories */ = {
			isa = PBXGroup;
			children = (
				3453B5C97F2C184348697AFB /* InMemoryRepositories.swift */,
			);
			path = Repositories;
			sourceTree = "<group>";
		};
		7F94A950DC5B3641554A5B26 /* Contracts */ = {
			isa = PBXGroup;
			children = (
				00AAD4BC98DFE86762E844EE /* AssistantClient.swift */,
				D2DF567E1BD1891342770270 /* DocumentImporter.swift */,
				47C44A1552E169DF5E5A1C5C /* Repositories.swift */,
				2FA8780A4B94C4DB5984459A /* SpeechClient.swift */,
			);
			path = Contracts;
			sourceTree = "<group>";
		};
		8180681A11243784EC804FE8 /* docs */ = {
			isa = PBXGroup;
			children = (
				BCD91F4AB31FD53BCC79E813 /* architecture.md */,
				FCC0BA31F72D2AEF7CE58BC1 /* CHANGELOG.md */,
				9106AE84B57C3167B4161260 /* design.md */,
				50ACA87F80B00D840EA67497 /* prd.md */,
				3C6560DC135959E2CF7DBE0C /* README.md */,
				95CCE1639EECB1C19F6AFF24 /* verification.md */,
				3B46C0DE15EB57FD38E10BE8 /* decisions */,
				0658C81E2A8E8F560CA34D3C /* demo */,
				8D4E52F5ED97250804C06C2E /* evidence */,
			);
			path = docs;
			sourceTree = "<group>";
		};
		8353DD1FAFA14D60F1AB0141 /* State */ = {
			isa = PBXGroup;
			children = (
				280706ED21156E8578B802AB /* ChatSessionStore.swift */,
			);
			path = State;
			sourceTree = "<group>";
		};
		836F577DAC385AA7529563C8 /* App */ = {
			isa = PBXGroup;
			children = (
				8B346F94EE0C00FAE682186D /* AppContainer.swift */,
				0C58D7FE7A0BE5DC58C8AA02 /* DebugLaunchState.swift */,
				5ABBFDF1766FC1C075AD41E5 /* NavigationState.swift */,
				A87CECD9897A7BB95ED36CC9 /* PumaWorkspaceApp.swift */,
				E5797F2EA8CC0F3B31F4FF1A /* RootShell.swift */,
			);
			path = App;
			sourceTree = "<group>";
		};
		883135F73294B865D858C5F5 /* Fixtures */ = {
			isa = PBXGroup;
			children = (
				9B2898299F99A2B1AFA6ACA7 /* quiet-gardens.aiff */,
				22FB42CBAC3687D00CE7EFDE /* README.md */,
			);
			path = Fixtures;
			sourceTree = "<group>";
		};
		8AEBB289819702677636C780 /* Tools */ = {
			isa = PBXGroup;
			children = (
				1B575CB0328D53CBCC9D72DA /* .gitkeep */,
				945A75C5B53EBF6FC4DF5857 /* FoundationTools.swift */,
				B372A87EC4CFC33D1C01AAB7 /* ToolPolicy.swift */,
				68F41E474C2D11A828D1ACDC /* WorkspaceToolService.swift */,
			);
			path = Tools;
			sourceTree = "<group>";
		};
		8D4E52F5ED97250804C06C2E /* evidence */ = {
			isa = PBXGroup;
			children = (
				8CA72B36DF8A756417E9887E /* generated-report.png */,
				A2D5753614D1CE8D9E702ADC /* imported-file-preview.png */,
				3A0CC7C365E6FF5A583E29E8 /* memory-chat.png */,
				368CF789D6D0746295564617 /* memory-detail.png */,
				ACF9D6FA21A180963FC43E26 /* memory-edit.png */,
				5AA8C421BEADB20F3EAEADA5 /* memory-edited-recall.png */,
				3039A474CC1C527539A7BBC7 /* source-citation.png */,
				C4AB52AB28CB979DB67C1356 /* source-revision.png */,
			);
			path = evidence;
			sourceTree = "<group>";
		};
		8E7DAB748B75EDB4AAA47396 /* Assistant */ = {
			isa = PBXGroup;
			children = (
				598F47C3AA5D92021C502021 /* Context */,
				ACB8C67EB0E8F219E003EEEB /* Orchestration */,
				8AEBB289819702677636C780 /* Tools */,
				4C08141BF1BE8FB3B27CBB31 /* Validation */,
			);
			path = Assistant;
			sourceTree = "<group>";
		};
		97AE742991F40A6CF8EB85E5 /* Comparisons */ = {
			isa = PBXGroup;
			children = (
				98F6ED3D049F4FAD96FFBB32 /* ComparisonCard.swift */,
			);
			path = Comparisons;
			sourceTree = "<group>";
		};
		9B5360CCB7528B7F9583F50F /* Components */ = {
			isa = PBXGroup;
			children = (
				D9AC20F4BB22DE7715B21660 /* GlassSurface.swift */,
				861B130E2D38376A280C52EE /* NucleoIcons.swift */,
				7A068F0E8CB108F7562DF084 /* PressableButtonStyle.swift */,
				F36FFD132A78BCE4D8B117A7 /* ProgressiveBlur.swift */,
			);
			path = Components;
			sourceTree = "<group>";
		};
		AC1429C537A38975ADC30956 /* UI */ = {
			isa = PBXGroup;
			children = (
				A988CA266F9D4875DCF773FC /* .gitkeep */,
			);
			path = UI;
			sourceTree = "<group>";
		};
		ACB8C67EB0E8F219E003EEEB /* Orchestration */ = {
			isa = PBXGroup;
			children = (
				21E11674DD91A32265EAD9CE /* .gitkeep */,
				31F59FF31F76E861CD855FDF /* LocalAssistantClient.swift */,
				DF994CBC75DB92D8FBBC2C21 /* RequestScope.swift */,
			);
			path = Orchestration;
			sourceTree = "<group>";
		};
		BC66FBF9C4BCE22FDECB17E1 /* Tokens */ = {
			isa = PBXGroup;
			children = (
				420B0EF8C2221EFADECE04E8 /* Tokens.swift */,
				90F54204A1FD3B6357B3C6B1 /* Typography.swift */,
			);
			path = Tokens;
			sourceTree = "<group>";
		};
		C39E748410E90410A697A780 /* Persistence */ = {
			isa = PBXGroup;
			children = (
				1CA9626716A13A92CD820D5C /* .gitkeep */,
				9CCF04628CD4CE31A6847E2C /* LocalRepositories.swift */,
				AC7B7F93C7C9F2C5F270DA69 /* WorkspaceDatabase.swift */,
			);
			path = Persistence;
			sourceTree = "<group>";
		};
		CC2C029A3EDBFAFD0D751F2B /* Voice */ = {
			isa = PBXGroup;
			children = (
				27551E6967A37520319308CE /* DictationBars.swift */,
				4B1C51478622EA0C9194F467 /* FloatingTranscript.swift */,
				A3A994720C61CBA133126724 /* VoiceAura.swift */,
				FB2DB0E54A128226D0C5ED6B /* State */,
			);
			path = Voice;
			sourceTree = "<group>";
		};
		D401D2329D9D3692BE25C5EB /* Retrieval */ = {
			isa = PBXGroup;
			children = (
				5E019CEA970B6EC0E8E08A89 /* .gitkeep */,
			);
			path = Retrieval;
			sourceTree = "<group>";
		};
		D53A219A8DFBBB27A2289C9D = {
			isa = PBXGroup;
			children = (
				7C5D50139A5052C112821452 /* AGENTS.md */,
				8178CFBCC85BF6C117B23847 /* README.md */,
				8180681A11243784EC804FE8 /* docs */,
				58E0DE6CA8D67830DBC3613E /* PumaWorkspace */,
				DF7203FA841C7D59A7B38D3D /* Tests */,
				E5280CDA87EC95FD5658E52F /* Products */,
			);
			sourceTree = "<group>";
		};
		D6D565102CDC071DA29EC3EE /* LocalInference */ = {
			isa = PBXGroup;
			children = (
				FF70EA1F3391CFC6DD34B876 /* .gitkeep */,
				E99D1C0F8A2EC659F2E65BCF /* SystemModelCatalog.swift */,
			);
			path = LocalInference;
			sourceTree = "<group>";
		};
		D71D88ECD7913D839FB4299E /* Attachments */ = {
			isa = PBXGroup;
			children = (
				DC53761F5E5DDEDE28D817C2 /* AttachmentKind+Display.swift */,
				ADF94B2C6E8E86A42718BF9E /* FileBadge.swift */,
				B1BCE58A6EE9BBC031639D66 /* SourceCards.swift */,
				29CD3B7F6E3197940548E072 /* SourcePickers.swift */,
				F9FC87E2359FD6BDA92471CC /* UploadedFilesSheet.swift */,
			);
			path = Attachments;
			sourceTree = "<group>";
		};
		D8E3547BADE80FE8902EECE8 /* Chat */ = {
			isa = PBXGroup;
			children = (
				F7A900DA2A3FD15471135AF3 /* ChatScreen.swift */,
				4469FAA331860968143DE54B /* Components */,
				8353DD1FAFA14D60F1AB0141 /* State */,
			);
			path = Chat;
			sourceTree = "<group>";
		};
		DA4DB8DBFE85D59F42B78E73 /* ChatHistory */ = {
			isa = PBXGroup;
			children = (
				B342712C2FE6CF6B5B4FD1BA /* ChatDrawer.swift */,
				109CB42AD39A254FE9FCCEC2 /* ChatPreview.swift */,
			);
			path = ChatHistory;
			sourceTree = "<group>";
		};
		DB0D5E70A946198702D07E4E /* Unit */ = {
			isa = PBXGroup;
			children = (
				08A6B6FF0970472C51457F59 /* .gitkeep */,
				0451E0AD385678AAC7D090B6 /* InteractionTests.swift */,
				CBEF13333E029C0141EFD385 /* WorkspaceTests.swift */,
			);
			path = Unit;
			sourceTree = "<group>";
		};
		DF7203FA841C7D59A7B38D3D /* Tests */ = {
			isa = PBXGroup;
			children = (
				80B58E613D2DDD4C95A42787 /* README.md */,
				38DF8BD36B4BA2539EE30267 /* Integration */,
				059AE2D78B57AA308982F216 /* Live */,
				AC1429C537A38975ADC30956 /* UI */,
				DB0D5E70A946198702D07E4E /* Unit */,
			);
			path = Tests;
			sourceTree = "<group>";
		};
		E3A25724623D17439A0B2A99 /* Memory */ = {
			isa = PBXGroup;
			children = (
				CFB855044636638B46CD590F /* MemoriesSheet.swift */,
				B7A00362FD5E6BB52259504A /* MemoryDetailSheet.swift */,
				8C529122FE80098B6A75E7DD /* MemoryProposalSheet.swift */,
			);
			path = Memory;
			sourceTree = "<group>";
		};
		E5280CDA87EC95FD5658E52F /* Products */ = {
			isa = PBXGroup;
			children = (
				D59324BF4258105DA7B83204 /* PumaWorkspace.app */,
				206CE8F20D83210D88E9C348 /* PumaWorkspaceLiveTests.xctest */,
				523E363663A0D236B03A6CC8 /* PumaWorkspaceTests.xctest */,
			);
			name = Products;
			sourceTree = "<group>";
		};
		E8D543794DCBA4A1DA67F34F /* Evidence */ = {
			isa = PBXGroup;
			children = (
				A7FE0AFAE539D5BC1BFFBF2C /* CitationChip.swift */,
				12F838CDE4CD7023706019E9 /* EvidenceSheet.swift */,
				A0C06D37B4594D6575250A99 /* FlowCitations.swift */,
			);
			path = Evidence;
			sourceTree = "<group>";
		};
		ED78B266C6CEBE6069FF8072 /* Resources */ = {
			isa = PBXGroup;
			children = (
				BF4B36780B885670392C935A /* Assets.xcassets */,
				21676702805EC02F4041AEA1 /* ThirdPartyNotices.txt */,
				4972E501B7F74FCFACEFCBE6 /* Localization */,
				3497CF2396304490A7AF5237 /* Samples */,
			);
			path = Resources;
			sourceTree = "<group>";
		};
		FB2DB0E54A128226D0C5ED6B /* State */ = {
			isa = PBXGroup;
			children = (
				79135955B65DD3B23CA3AE42 /* VoiceSessionController.swift */,
			);
			path = State;
			sourceTree = "<group>";
		};
/* End PBXGroup section */

/* Begin PBXNativeTarget section */
		139F11F4EAC0607B92D95228 /* PumaWorkspaceLiveTests */ = {
			isa = PBXNativeTarget;
			buildConfigurationList = E74C9CB436C9A2D5DBC06536 /* Build configuration list for PBXNativeTarget "PumaWorkspaceLiveTests" */;
			buildPhases = (
				12553D3E64FF69CCDC4C373D /* Sources */,
				47A64D5F539A4C985A8FF7F9 /* Resources */,
			);
			buildRules = (
			);
			dependencies = (
				5A76CFDBCAFF48A6033DADBB /* PBXTargetDependency */,
			);
			name = PumaWorkspaceLiveTests;
			packageProductDependencies = (
			);
			productName = PumaWorkspaceLiveTests;
			productReference = 206CE8F20D83210D88E9C348 /* PumaWorkspaceLiveTests.xctest */;
			productType = "com.apple.product-type.bundle.unit-test";
		};
		95DC5FF0FE0807BFA5F3F42C /* PumaWorkspace */ = {
			isa = PBXNativeTarget;
			buildConfigurationList = 1C8A5A297C8449E373E60D04 /* Build configuration list for PBXNativeTarget "PumaWorkspace" */;
			buildPhases = (
				FBE654F183FA01DEF9610092 /* Sources */,
				F84E85B76E8E2E1456A5DB85 /* Resources */,
				176BAA88FE8D39F2F2EBC9B3 /* Frameworks */,
			);
			buildRules = (
			);
			dependencies = (
			);
			name = PumaWorkspace;
			packageProductDependencies = (
				1F2C24DE40A190DF481AE30C /* GRDB */,
				9AD77C5A070151B6AA0E44F2 /* WhisperKit */,
			);
			productName = PumaWorkspace;
			productReference = D59324BF4258105DA7B83204 /* PumaWorkspace.app */;
			productType = "com.apple.product-type.application";
		};
		FFAE2498E41DB07D7FD974B5 /* PumaWorkspaceTests */ = {
			isa = PBXNativeTarget;
			buildConfigurationList = 017971CF0974A8B2279E2A6B /* Build configuration list for PBXNativeTarget "PumaWorkspaceTests" */;
			buildPhases = (
				AE4B724E6BBAB3F831512DF1 /* Sources */,
			);
			buildRules = (
			);
			dependencies = (
				36C04F72292828C78ECB659F /* PBXTargetDependency */,
			);
			name = PumaWorkspaceTests;
			packageProductDependencies = (
			);
			productName = PumaWorkspaceTests;
			productReference = 523E363663A0D236B03A6CC8 /* PumaWorkspaceTests.xctest */;
			productType = "com.apple.product-type.bundle.unit-test";
		};
/* End PBXNativeTarget section */

/* Begin PBXProject section */
		0497AA71E36A9ED82C3106A8 /* Project object */ = {
			isa = PBXProject;
			attributes = {
				BuildIndependentTargetsInParallel = YES;
				LastUpgradeCheck = 1430;
				TargetAttributes = {
				};
			};
			buildConfigurationList = BD2602EBF85C8CF0E5A90FF0 /* Build configuration list for PBXProject "PumaWorkspace" */;
			developmentRegion = en;
			hasScannedForEncodings = 0;
			knownRegions = (
				Base,
				en,
			);
			mainGroup = D53A219A8DFBBB27A2289C9D;
			minimizedProjectReferenceProxies = 1;
			packageReferences = (
				11375E719AEF1C5A23990B61 /* XCRemoteSwiftPackageReference "GRDB.swift" */,
				BEB60FC256EE9A284238A8D0 /* XCRemoteSwiftPackageReference "WhisperKit" */,
			);
			preferredProjectObjectVersion = 77;
			productRefGroup = E5280CDA87EC95FD5658E52F /* Products */;
			projectDirPath = "";
			projectRoot = "";
			targets = (
				95DC5FF0FE0807BFA5F3F42C /* PumaWorkspace */,
				FFAE2498E41DB07D7FD974B5 /* PumaWorkspaceTests */,
				139F11F4EAC0607B92D95228 /* PumaWorkspaceLiveTests */,
			);
		};
/* End PBXProject section */

/* Begin PBXResourcesBuildPhase section */
		47A64D5F539A4C985A8FF7F9 /* Resources */ = {
			isa = PBXResourcesBuildPhase;
			buildActionMask = 2147483647;
			files = (
				43C0AB02F1BF800B0F6D2938 /* README.md in Resources */,
				84894EFEDB7E4DF27734E3C7 /* quiet-gardens.aiff in Resources */,
			);
			runOnlyForDeploymentPostprocessing = 0;
		};
		F84E85B76E8E2E1456A5DB85 /* Resources */ = {
			isa = PBXResourcesBuildPhase;
			buildActionMask = 2147483647;
			files = (
				D5FDE6CF1010CA6BEF4B94B1 /* Assets.xcassets in Resources */,
				A45C7BE3B6B1714D997C5E3D /* ThirdPartyNotices.txt in Resources */,
			);
			runOnlyForDeploymentPostprocessing = 0;
		};
/* End PBXResourcesBuildPhase section */

/* Begin PBXSourcesBuildPhase section */
		12553D3E64FF69CCDC4C373D /* Sources */ = {
			isa = PBXSourcesBuildPhase;
			buildActionMask = 2147483647;
			files = (
				F2E96567CCB57CFBEF96A721 /* LiveModelTests.swift in Sources */,
			);
			runOnlyForDeploymentPostprocessing = 0;
		};
		AE4B724E6BBAB3F831512DF1 /* Sources */ = {
			isa = PBXSourcesBuildPhase;
			buildActionMask = 2147483647;
			files = (
				0D54865CFDF0E1955FB79591 /* InteractionTests.swift in Sources */,
				2AEF4B35FE68BFC6F71A863A /* WorkspaceTests.swift in Sources */,
			);
			runOnlyForDeploymentPostprocessing = 0;
		};
		FBE654F183FA01DEF9610092 /* Sources */ = {
			isa = PBXSourcesBuildPhase;
			buildActionMask = 2147483647;
			files = (
				CD5AD61FF84DC63D0CB0F2DE /* AnalyzerCapture.swift in Sources */,
				DDAEC64EAF796295101FE725 /* AppContainer.swift in Sources */,
				F13916210E9EFA800B18E3D6 /* ArtifactWriter.swift in Sources */,
				673CA3FBAE94EE7475218734 /* AssistantClient.swift in Sources */,
				69D9E8EF61CBD008CBBE5B8A /* Attachment.swift in Sources */,
				BBDC6BAEBBA28C55FF8F535D /* AttachmentKind+Display.swift in Sources */,
				DE68BFDF568D8B538AE2BE16 /* CSVTable.swift in Sources */,
				E59386F34AC01130151B4C8A /* ChatDrawer.swift in Sources */,
				E35165BEDC1DA11998F56CCD /* ChatFeed.swift in Sources */,
				9DBEA2DA200F7C079ACCA009 /* ChatPreview.swift in Sources */,
				BF0A87BFD0A67448287BFABB /* ChatScreen.swift in Sources */,
				090761F0F0C36FB72FC459B5 /* ChatSessionStore.swift in Sources */,
				2811C2E4EA02607E37E7FFD5 /* Citation.swift in Sources */,
				2028766150D183B049781123 /* CitationChip.swift in Sources */,
				E3B6D3E6E909F2C8DA4F805E /* Comparison.swift in Sources */,
				A70EC450D3B4AE79E2F87E54 /* ComparisonCard.swift in Sources */,
				216BE38A51C563D9334F541F /* Composer.swift in Sources */,
				C32ABB951BDF35BBA90B14BD /* ContextBuilder.swift in Sources */,
				57F3539D7BB5050BAC8272F9 /* Conversation.swift in Sources */,
				FA7DC7E74F3A9B7A551FFBB9 /* DebugLaunchState.swift in Sources */,
				D6702B82F769DDACE0F7EABC /* DictationBars.swift in Sources */,
				944801313723D40DF0904DE8 /* DocumentImporter.swift in Sources */,
				F4227224AF4A9BE0B723C642 /* EvidenceSheet.swift in Sources */,
				1E1EA5F90F87A7EA1E30FC6B /* FileBadge.swift in Sources */,
				C102DC3B2825A6CAD16728BE /* Fixtures.swift in Sources */,
				8A329AFCF1D7A1843D48D100 /* FloatingTranscript.swift in Sources */,
				27611969B76353FC922F3D50 /* FlowCitations.swift in Sources */,
				78C1CE7AA5D38A5879CB2B67 /* FoundationTools.swift in Sources */,
				1EF74AF41B10146DF76A3804 /* GlassSurface.swift in Sources */,
				897562C80DD13625FD68CF0B /* ImportStaging.swift in Sources */,
				7BE30217480CF07D067BF939 /* InMemoryRepositories.swift in Sources */,
				FE2076DBB18D7639897348F1 /* LocalAssistantClient.swift in Sources */,
				CBD0BC9B1D5D97FCB5BD4CFC /* LocalDocumentImporter.swift in Sources */,
				5C116BBAA149E4C40F0A9CD0 /* LocalModel.swift in Sources */,
				17E628701DFBC5CC12661C65 /* LocalRepositories.swift in Sources */,
				C954C62DC9E560B668ACEA00 /* LocalSpeechClient.swift in Sources */,
				3F5AC0F09790E80331C6AC2A /* MarkdownText.swift in Sources */,
				0F6B6FA17676652B04DC0D88 /* MemoriesSheet.swift in Sources */,
				66D06EE76E0FC745D5F11572 /* MemoryDetailSheet.swift in Sources */,
				3FBA527772F9EED64E652E58 /* MemoryExtractor.swift in Sources */,
				E1B7D94BECBC809D07F1508F /* MemoryItem.swift in Sources */,
				87CFA902579700F70ED3AB02 /* MemoryPolicy.swift in Sources */,
				5441D14E1A4067F88C118E20 /* MemoryProposalSheet.swift in Sources */,
				2C103F538A01F2CE1BB86A98 /* MemoryService.swift in Sources */,
				93FCCE8F20D745BB07776295 /* MockAssistantClient.swift in Sources */,
				15BF4B76A7EBF79A3F180BE4 /* MockSpeechClient.swift in Sources */,
				967AB76E7A302F499482B97D /* NavigationState.swift in Sources */,
				ACD1EA76F0DE88B7862D5597 /* NucleoIcons.swift in Sources */,
				8763F9877BA8A8ED0C57B890 /* OutputsSheet.swift in Sources */,
				6AC08A545592C3C0A0A25820 /* PhotoOriginal.swift in Sources */,
				2089CBC81E0813BBD288807B /* PressableButtonStyle.swift in Sources */,
				E3BBEAC22DE31EFED4CEB0F6 /* ProgressiveBlur.swift in Sources */,
				6E068ED605E029F4EF913179 /* PumaWorkspaceApp.swift in Sources */,
				A60FCBF4B7736F6B2E4D7108 /* ReplyFooter.swift in Sources */,
				4FA240ADAC0F0008975555F4 /* ReplyValidation.swift in Sources */,
				B8EE9BA7A5015534E5FC8E09 /* Repositories.swift in Sources */,
				964F0D003CF3D205B2E2FAD4 /* RequestScope.swift in Sources */,
				29BE8AEB47CDDC6F5E0F7A15 /* RootShell.swift in Sources */,
				5AB4FF1CC80CDD51AC979516 /* SampleFiles.swift in Sources */,
				F565B92A6393B118A003BE16 /* SearchScreen.swift in Sources */,
				500B0806F059143B9B6FA121 /* SheetScaffold.swift in Sources */,
				841EE96876CC709C79B5B0D3 /* SourceAnswer.swift in Sources */,
				954D5E71D78A3736A3CAF6EB /* SourceCards.swift in Sources */,
				7EEAAD7EB6B58680BC032CAD /* SourceComparison.swift in Sources */,
				E9FA6014F6AAB3E3B99F3D49 /* SourcePassage.swift in Sources */,
				ADEC11776359BA6E7E844ECE /* SourcePickers.swift in Sources */,
				93EE9C24624FCD5A8E41ED3E /* SpeechClient.swift in Sources */,
				5138FD2266D7F88414AABCEC /* SpeechReader.swift in Sources */,
				04A51690EC4F643732FC59DF /* SuggestionList.swift in Sources */,
				82D8CF10EEAAB7C54EFA0CD3 /* SystemModelCatalog.swift in Sources */,
				CB1DABA978FE3F06C4C7BDE6 /* Tokens.swift in Sources */,
				09328CCA6B376BDC0D679664 /* ToolPolicy.swift in Sources */,
				EB52263E3D6516AC7E5D100C /* TopBar.swift in Sources */,
				35F92D5A1073BE903CEDF7F9 /* Typography.swift in Sources */,
				3C0FECA031AE5D5A3594BB23 /* UploadedFilesSheet.swift in Sources */,
				8D7D3DCE4E46A3D672042B04 /* VoiceAura.swift in Sources */,
				08C85A72CD4CD289520871AA /* VoiceSessionController.swift in Sources */,
				D64B7C2027832504672105F9 /* WhisperCapture.swift in Sources */,
				68E2181A18C1E7B3F90972A6 /* WhisperRuntime.swift in Sources */,
				EC5B2BFD4F844E44EA351C77 /* WorkDisclosure.swift in Sources */,
				D23B9BEB29A528183DF50E3E /* WorkspaceDatabase.swift in Sources */,
				03E68C6DC4CCB62121FF9B37 /* WorkspaceFiles.swift in Sources */,
				4C0A35ABB1F2EFF864C8F5C2 /* WorkspaceSheets.swift in Sources */,
				03DA0760AF89CC2CA3C880A1 /* WorkspaceToolService.swift in Sources */,
			);
			runOnlyForDeploymentPostprocessing = 0;
		};
/* End PBXSourcesBuildPhase section */

/* Begin PBXTargetDependency section */
		36C04F72292828C78ECB659F /* PBXTargetDependency */ = {
			isa = PBXTargetDependency;
			target = 95DC5FF0FE0807BFA5F3F42C /* PumaWorkspace */;
			targetProxy = 6DDA38BEB54AD742A7F6B65C /* PBXContainerItemProxy */;
		};
		5A76CFDBCAFF48A6033DADBB /* PBXTargetDependency */ = {
			isa = PBXTargetDependency;
			target = 95DC5FF0FE0807BFA5F3F42C /* PumaWorkspace */;
			targetProxy = D38945578BDFD42746000561 /* PBXContainerItemProxy */;
		};
/* End PBXTargetDependency section */

/* Begin XCBuildConfiguration section */
		2DEB1768A51334A2EE1F20DD /* Release */ = {
			isa = XCBuildConfiguration;
			buildSettings = {
				BUNDLE_LOADER = "$(TEST_HOST)";
				GENERATE_INFOPLIST_FILE = YES;
				LD_RUNPATH_SEARCH_PATHS = (
					"$(inherited)",
					"@executable_path/Frameworks",
					"@loader_path/Frameworks",
				);
				PRODUCT_BUNDLE_IDENTIFIER = com.knnymrls.PumaWorkspaceTests;
				SDKROOT = iphoneos;
				TARGETED_DEVICE_FAMILY = "1,2";
				TEST_HOST = "$(BUILT_PRODUCTS_DIR)/PumaWorkspace.app/PumaWorkspace";
			};
			name = Release;
		};
		3B7DE7DCCAAFBAB9DE0DE808 /* Debug */ = {
			isa = XCBuildConfiguration;
			buildSettings = {
				BUNDLE_LOADER = "$(TEST_HOST)";
				GENERATE_INFOPLIST_FILE = YES;
				LD_RUNPATH_SEARCH_PATHS = (
					"$(inherited)",
					"@executable_path/Frameworks",
					"@loader_path/Frameworks",
				);
				PRODUCT_BUNDLE_IDENTIFIER = com.knnymrls.PumaWorkspaceTests;
				SDKROOT = iphoneos;
				TARGETED_DEVICE_FAMILY = "1,2";
				TEST_HOST = "$(BUILT_PRODUCTS_DIR)/PumaWorkspace.app/PumaWorkspace";
			};
			name = Debug;
		};
		82EAA91BE7BA9D2D8DE5503E /* Debug */ = {
			isa = XCBuildConfiguration;
			buildSettings = {
				BUNDLE_LOADER = "$(TEST_HOST)";
				GENERATE_INFOPLIST_FILE = YES;
				LD_RUNPATH_SEARCH_PATHS = (
					"$(inherited)",
					"@executable_path/Frameworks",
					"@loader_path/Frameworks",
				);
				PRODUCT_BUNDLE_IDENTIFIER = com.knnymrls.PumaWorkspaceLiveTests;
				SDKROOT = iphoneos;
				TARGETED_DEVICE_FAMILY = "1,2";
				TEST_HOST = "$(BUILT_PRODUCTS_DIR)/PumaWorkspace.app/PumaWorkspace";
			};
			name = Debug;
		};
		85227116C610960434D286F6 /* Release */ = {
			isa = XCBuildConfiguration;
			buildSettings = {
				ALWAYS_SEARCH_USER_PATHS = NO;
				CLANG_ANALYZER_NONNULL = YES;
				CLANG_ANALYZER_NUMBER_OBJECT_CONVERSION = YES_AGGRESSIVE;
				CLANG_CXX_LANGUAGE_STANDARD = "gnu++14";
				CLANG_CXX_LIBRARY = "libc++";
				CLANG_ENABLE_MODULES = YES;
				CLANG_ENABLE_OBJC_ARC = YES;
				CLANG_ENABLE_OBJC_WEAK = YES;
				CLANG_WARN_BLOCK_CAPTURE_AUTORELEASING = YES;
				CLANG_WARN_BOOL_CONVERSION = YES;
				CLANG_WARN_COMMA = YES;
				CLANG_WARN_CONSTANT_CONVERSION = YES;
				CLANG_WARN_DEPRECATED_OBJC_IMPLEMENTATIONS = YES;
				CLANG_WARN_DIRECT_OBJC_ISA_USAGE = YES_ERROR;
				CLANG_WARN_DOCUMENTATION_COMMENTS = YES;
				CLANG_WARN_EMPTY_BODY = YES;
				CLANG_WARN_ENUM_CONVERSION = YES;
				CLANG_WARN_INFINITE_RECURSION = YES;
				CLANG_WARN_INT_CONVERSION = YES;
				CLANG_WARN_NON_LITERAL_NULL_CONVERSION = YES;
				CLANG_WARN_OBJC_IMPLICIT_RETAIN_SELF = YES;
				CLANG_WARN_OBJC_LITERAL_CONVERSION = YES;
				CLANG_WARN_OBJC_ROOT_CLASS = YES_ERROR;
				CLANG_WARN_QUOTED_INCLUDE_IN_FRAMEWORK_HEADER = YES;
				CLANG_WARN_RANGE_LOOP_ANALYSIS = YES;
				CLANG_WARN_STRICT_PROTOTYPES = YES;
				CLANG_WARN_SUSPICIOUS_MOVE = YES;
				CLANG_WARN_UNGUARDED_AVAILABILITY = YES_AGGRESSIVE;
				CLANG_WARN_UNREACHABLE_CODE = YES;
				CLANG_WARN__DUPLICATE_METHOD_MATCH = YES;
				COPY_PHASE_STRIP = NO;
				CURRENT_PROJECT_VERSION = 1;
				DEBUG_INFORMATION_FORMAT = "dwarf-with-dsym";
				ENABLE_NS_ASSERTIONS = NO;
				ENABLE_STRICT_OBJC_MSGSEND = YES;
				GCC_C_LANGUAGE_STANDARD = gnu11;
				GCC_NO_COMMON_BLOCKS = YES;
				GCC_WARN_64_TO_32_BIT_CONVERSION = YES;
				GCC_WARN_ABOUT_RETURN_TYPE = YES_ERROR;
				GCC_WARN_UNDECLARED_SELECTOR = YES;
				GCC_WARN_UNINITIALIZED_AUTOS = YES_AGGRESSIVE;
				GCC_WARN_UNUSED_FUNCTION = YES;
				GCC_WARN_UNUSED_VARIABLE = YES;
				IPHONEOS_DEPLOYMENT_TARGET = 26.0;
				MARKETING_VERSION = 0.1.0;
				MTL_ENABLE_DEBUG_INFO = NO;
				MTL_FAST_MATH = YES;
				PRODUCT_NAME = "$(TARGET_NAME)";
				SDKROOT = iphoneos;
				SWIFT_COMPILATION_MODE = wholemodule;
				SWIFT_OPTIMIZATION_LEVEL = "-O";
				SWIFT_VERSION = 6.0;
			};
			name = Release;
		};
		C2883AC8E39E4427C47B26F3 /* Release */ = {
			isa = XCBuildConfiguration;
			buildSettings = {
				ASSETCATALOG_COMPILER_APPICON_NAME = "";
				CODE_SIGN_IDENTITY = "iPhone Developer";
				GENERATE_INFOPLIST_FILE = YES;
				INFOPLIST_KEY_CFBundleDisplayName = "Puma Workspace";
				INFOPLIST_KEY_NSCameraUsageDescription = "Take a photo to add it to your chat.";
				INFOPLIST_KEY_NSMicrophoneUsageDescription = "Transcribe your speech on this device for dictation and voice conversations.";
				INFOPLIST_KEY_NSPhotoLibraryUsageDescription = "Show your recent photos so you can add them to a chat.";
				INFOPLIST_KEY_NSSpeechRecognitionUsageDescription = "Recognize speech on this device.";
				INFOPLIST_KEY_UIApplicationSceneManifest_Generation = YES;
				INFOPLIST_KEY_UIApplicationSupportsIndirectInputEvents = YES;
				INFOPLIST_KEY_UILaunchScreen_Generation = YES;
				LD_RUNPATH_SEARCH_PATHS = (
					"$(inherited)",
					"@executable_path/Frameworks",
				);
				PRODUCT_BUNDLE_IDENTIFIER = com.knnymrls.PumaWorkspace;
				PRODUCT_NAME = PumaWorkspace;
				SDKROOT = iphoneos;
				SUPPORTS_MACCATALYST = NO;
				SUPPORTS_XR_DESIGNED_FOR_IPHONE_IPAD = NO;
				TARGETED_DEVICE_FAMILY = 1;
			};
			name = Release;
		};
		CB33D7E3AF346359BFA09EDE /* Debug */ = {
			isa = XCBuildConfiguration;
			buildSettings = {
				ASSETCATALOG_COMPILER_APPICON_NAME = "";
				CODE_SIGN_IDENTITY = "iPhone Developer";
				GENERATE_INFOPLIST_FILE = YES;
				INFOPLIST_KEY_CFBundleDisplayName = "Puma Workspace";
				INFOPLIST_KEY_NSCameraUsageDescription = "Take a photo to add it to your chat.";
				INFOPLIST_KEY_NSMicrophoneUsageDescription = "Transcribe your speech on this device for dictation and voice conversations.";
				INFOPLIST_KEY_NSPhotoLibraryUsageDescription = "Show your recent photos so you can add them to a chat.";
				INFOPLIST_KEY_NSSpeechRecognitionUsageDescription = "Recognize speech on this device.";
				INFOPLIST_KEY_UIApplicationSceneManifest_Generation = YES;
				INFOPLIST_KEY_UIApplicationSupportsIndirectInputEvents = YES;
				INFOPLIST_KEY_UILaunchScreen_Generation = YES;
				LD_RUNPATH_SEARCH_PATHS = (
					"$(inherited)",
					"@executable_path/Frameworks",
				);
				PRODUCT_BUNDLE_IDENTIFIER = com.knnymrls.PumaWorkspace;
				PRODUCT_NAME = PumaWorkspace;
				SDKROOT = iphoneos;
				SUPPORTS_MACCATALYST = NO;
				SUPPORTS_XR_DESIGNED_FOR_IPHONE_IPAD = NO;
				TARGETED_DEVICE_FAMILY = 1;
			};
			name = Debug;
		};
		D30D4539C15059EE30627950 /* Release */ = {
			isa = XCBuildConfiguration;
			buildSettings = {
				BUNDLE_LOADER = "$(TEST_HOST)";
				GENERATE_INFOPLIST_FILE = YES;
				LD_RUNPATH_SEARCH_PATHS = (
					"$(inherited)",
					"@executable_path/Frameworks",
					"@loader_path/Frameworks",
				);
				PRODUCT_BUNDLE_IDENTIFIER = com.knnymrls.PumaWorkspaceLiveTests;
				SDKROOT = iphoneos;
				TARGETED_DEVICE_FAMILY = "1,2";
				TEST_HOST = "$(BUILT_PRODUCTS_DIR)/PumaWorkspace.app/PumaWorkspace";
			};
			name = Release;
		};
		E3ED2AF5800C5E968AAC0D41 /* Debug */ = {
			isa = XCBuildConfiguration;
			buildSettings = {
				ALWAYS_SEARCH_USER_PATHS = NO;
				CLANG_ANALYZER_NONNULL = YES;
				CLANG_ANALYZER_NUMBER_OBJECT_CONVERSION = YES_AGGRESSIVE;
				CLANG_CXX_LANGUAGE_STANDARD = "gnu++14";
				CLANG_CXX_LIBRARY = "libc++";
				CLANG_ENABLE_MODULES = YES;
				CLANG_ENABLE_OBJC_ARC = YES;
				CLANG_ENABLE_OBJC_WEAK = YES;
				CLANG_WARN_BLOCK_CAPTURE_AUTORELEASING = YES;
				CLANG_WARN_BOOL_CONVERSION = YES;
				CLANG_WARN_COMMA = YES;
				CLANG_WARN_CONSTANT_CONVERSION = YES;
				CLANG_WARN_DEPRECATED_OBJC_IMPLEMENTATIONS = YES;
				CLANG_WARN_DIRECT_OBJC_ISA_USAGE = YES_ERROR;
				CLANG_WARN_DOCUMENTATION_COMMENTS = YES;
				CLANG_WARN_EMPTY_BODY = YES;
				CLANG_WARN_ENUM_CONVERSION = YES;
				CLANG_WARN_INFINITE_RECURSION = YES;
				CLANG_WARN_INT_CONVERSION = YES;
				CLANG_WARN_NON_LITERAL_NULL_CONVERSION = YES;
				CLANG_WARN_OBJC_IMPLICIT_RETAIN_SELF = YES;
				CLANG_WARN_OBJC_LITERAL_CONVERSION = YES;
				CLANG_WARN_OBJC_ROOT_CLASS = YES_ERROR;
				CLANG_WARN_QUOTED_INCLUDE_IN_FRAMEWORK_HEADER = YES;
				CLANG_WARN_RANGE_LOOP_ANALYSIS = YES;
				CLANG_WARN_STRICT_PROTOTYPES = YES;
				CLANG_WARN_SUSPICIOUS_MOVE = YES;
				CLANG_WARN_UNGUARDED_AVAILABILITY = YES_AGGRESSIVE;
				CLANG_WARN_UNREACHABLE_CODE = YES;
				CLANG_WARN__DUPLICATE_METHOD_MATCH = YES;
				COPY_PHASE_STRIP = NO;
				CURRENT_PROJECT_VERSION = 1;
				DEBUG_INFORMATION_FORMAT = dwarf;
				ENABLE_STRICT_OBJC_MSGSEND = YES;
				ENABLE_TESTABILITY = YES;
				GCC_C_LANGUAGE_STANDARD = gnu11;
				GCC_DYNAMIC_NO_PIC = NO;
				GCC_NO_COMMON_BLOCKS = YES;
				GCC_OPTIMIZATION_LEVEL = 0;
				GCC_PREPROCESSOR_DEFINITIONS = (
					"$(inherited)",
					"DEBUG=1",
				);
				GCC_WARN_64_TO_32_BIT_CONVERSION = YES;
				GCC_WARN_ABOUT_RETURN_TYPE = YES_ERROR;
				GCC_WARN_UNDECLARED_SELECTOR = YES;
				GCC_WARN_UNINITIALIZED_AUTOS = YES_AGGRESSIVE;
				GCC_WARN_UNUSED_FUNCTION = YES;
				GCC_WARN_UNUSED_VARIABLE = YES;
				IPHONEOS_DEPLOYMENT_TARGET = 26.0;
				MARKETING_VERSION = 0.1.0;
				MTL_ENABLE_DEBUG_INFO = INCLUDE_SOURCE;
				MTL_FAST_MATH = YES;
				ONLY_ACTIVE_ARCH = YES;
				PRODUCT_NAME = "$(TARGET_NAME)";
				SDKROOT = iphoneos;
				SWIFT_ACTIVE_COMPILATION_CONDITIONS = DEBUG;
				SWIFT_OPTIMIZATION_LEVEL = "-Onone";
				SWIFT_VERSION = 6.0;
			};
			name = Debug;
		};
/* End XCBuildConfiguration section */

/* Begin XCConfigurationList section */
		017971CF0974A8B2279E2A6B /* Build configuration list for PBXNativeTarget "PumaWorkspaceTests" */ = {
			isa = XCConfigurationList;
			buildConfigurations = (
				3B7DE7DCCAAFBAB9DE0DE808 /* Debug */,
				2DEB1768A51334A2EE1F20DD /* Release */,
			);
			defaultConfigurationIsVisible = 0;
			defaultConfigurationName = Debug;
		};
		1C8A5A297C8449E373E60D04 /* Build configuration list for PBXNativeTarget "PumaWorkspace" */ = {
			isa = XCConfigurationList;
			buildConfigurations = (
				CB33D7E3AF346359BFA09EDE /* Debug */,
				C2883AC8E39E4427C47B26F3 /* Release */,
			);
			defaultConfigurationIsVisible = 0;
			defaultConfigurationName = Debug;
		};
		BD2602EBF85C8CF0E5A90FF0 /* Build configuration list for PBXProject "PumaWorkspace" */ = {
			isa = XCConfigurationList;
			buildConfigurations = (
				E3ED2AF5800C5E968AAC0D41 /* Debug */,
				85227116C610960434D286F6 /* Release */,
			);
			defaultConfigurationIsVisible = 0;
			defaultConfigurationName = Debug;
		};
		E74C9CB436C9A2D5DBC06536 /* Build configuration list for PBXNativeTarget "PumaWorkspaceLiveTests" */ = {
			isa = XCConfigurationList;
			buildConfigurations = (
				82EAA91BE7BA9D2D8DE5503E /* Debug */,
				D30D4539C15059EE30627950 /* Release */,
			);
			defaultConfigurationIsVisible = 0;
			defaultConfigurationName = Debug;
		};
/* End XCConfigurationList section */

/* Begin XCRemoteSwiftPackageReference section */
		11375E719AEF1C5A23990B61 /* XCRemoteSwiftPackageReference "GRDB.swift" */ = {
			isa = XCRemoteSwiftPackageReference;
			repositoryURL = "https://github.com/groue/GRDB.swift.git";
			requirement = {
				kind = upToNextMajorVersion;
				minimumVersion = 7.0.0;
			};
		};
		BEB60FC256EE9A284238A8D0 /* XCRemoteSwiftPackageReference "WhisperKit" */ = {
			isa = XCRemoteSwiftPackageReference;
			repositoryURL = "https://github.com/argmaxinc/WhisperKit.git";
			requirement = {
				kind = exactVersion;
				version = 0.15.0;
			};
		};
/* End XCRemoteSwiftPackageReference section */

/* Begin XCSwiftPackageProductDependency section */
		1F2C24DE40A190DF481AE30C /* GRDB */ = {
			isa = XCSwiftPackageProductDependency;
			package = 11375E719AEF1C5A23990B61 /* XCRemoteSwiftPackageReference "GRDB.swift" */;
			productName = GRDB;
		};
		9AD77C5A070151B6AA0E44F2 /* WhisperKit */ = {
			isa = XCSwiftPackageProductDependency;
			package = BEB60FC256EE9A284238A8D0 /* XCRemoteSwiftPackageReference "WhisperKit" */;
			productName = WhisperKit;
		};
/* End XCSwiftPackageProductDependency section */
	};
	rootObject = 0497AA71E36A9ED82C3106A8 /* Project object */;
}
